// !$*UTF8*$!
{
	archiveVersion = 1;
	classes = {
	};
	objectVersion = 55;
	objects = {

/* Begin PBXBuildFile section */
		D18F8668285BD56F00819416 /* Image.cpp in Sources */ = {isa = PBXBuildFile; fileRef = D18F8666285BD56F00819416 /* Image.cpp */; };
		D18F8669285BD56F00819416 /* Image.h in Headers */ = {isa = PBXBuildFile; fileRef = D18F8667285BD56F00819416 /* Image.h */; };
		D18F868C285BDDDB00819416 /* WalnutApp.cpp in Sources */ = {isa = PBXBuildFile; fileRef = D18F868B285BDDDB00819416 /* WalnutApp.cpp */; };
		D18F868D285BDE0C00819416 /* AppKit.framework in Frameworks */ = {isa = PBXBuildFile; fileRef = DC8CB4B5285918FC0016FC5F /* AppKit.framework */; };
		D18F868E285BDE1000819416 /* Foundation.framework in Frameworks */ = {isa = PBXBuildFile; fileRef = DC8CB498285907F60016FC5F /* Foundation.framework */; };
		D18F868F285BDE1500819416 /* GameController.framework in Frameworks */ = {isa = PBXBuildFile; fileRef = DC8CB4B7285919030016FC5F /* GameController.framework */; };
		D18F8690285BDE1800819416 /* libWalnut.a in Frameworks */ = {isa = PBXBuildFile; fileRef = DC8CB46D2858D8310016FC5F /* libWalnut.a */; };
		D18F8693285BDE2000819416 /* Metal.framework in Frameworks */ = {isa = PBXBuildFile; fileRef = DC8CB49A285907FE0016FC5F /* Metal.framework */; };
		D18F8694285BDE2400819416 /* MetalKit.framework in Frameworks */ = {isa = PBXBuildFile; fileRef = DC8CB49B285907FE0016FC5F /* MetalKit.framework */; };
		D18F8695285BDE2900819416 /* QuartzCore.framework in Frameworks */ = {isa = PBXBuildFile; fileRef = DC8CB4B32859189A0016FC5F /* QuartzCore.framework */; };
		D18F8698285BDE7600819416 /* Random.cpp in Sources */ = {isa = PBXBuildFile; fileRef = D18F8696285BDE7600819416 /* Random.cpp */; };
		D18F8699285BDE7600819416 /* Random.h in Headers */ = {isa = PBXBuildFile; fileRef = D18F8697285BDE7600819416 /* Random.h */; };
		DC8B6999285B6F1300DB13EF /* MetalCpp.cpp in Sources */ = {isa = PBXBuildFile; fileRef = DC8B6998285B6F1300DB13EF /* MetalCpp.cpp */; };
		DC8CB4942858FC130016FC5F /* Application.cpp in Sources */ = {isa = PBXBuildFile; fileRef = DC8CB4932858FC130016FC5F /* Application.cpp */; };
		DC8CB496285905E60016FC5F /* WalnutApp.cpp in Sources */ = {isa = PBXBuildFile; fileRef = DC8CB495285905E60016FC5F /* WalnutApp.cpp */; };
		DC8CB499285907F60016FC5F /* Foundation.framework in Frameworks */ = {isa = PBXBuildFile; fileRef = DC8CB498285907F60016FC5F /* Foundation.framework */; };
		DC8CB49C285907FE0016FC5F /* Metal.framework in Frameworks */ = {isa = PBXBuildFile; fileRef = DC8CB49A285907FE0016FC5F /* Metal.framework */; };
		DC8CB49D285907FE0016FC5F /* MetalKit.framework in Frameworks */ = {isa = PBXBuildFile; fileRef = DC8CB49B285907FE0016FC5F /* MetalKit.framework */; };
		DC8CB49E285908150016FC5F /* libWalnut.a in Frameworks */ = {isa = PBXBuildFile; fileRef = DC8CB46D2858D8310016FC5F /* libWalnut.a */; };
		DC8CB4A8285918200016FC5F /* imgui_impl_metal.mm in Sources */ = {isa = PBXBuildFile; fileRef = DC8CB4A6285918160016FC5F /* imgui_impl_metal.mm */; };
		DC8CB4A9285918230016FC5F /* imgui_impl_osx.mm in Sources */ = {isa = PBXBuildFile; fileRef = DC8CB4A7285918160016FC5F /* imgui_impl_osx.mm */; settings = {COMPILER_FLAGS = "-Wno-deprecated-declarations"; }; };
		DC8CB4AA285918270016FC5F /* imgui.cpp in Sources */ = {isa = PBXBuildFile; fileRef = DC8CB4A2285917FE0016FC5F /* imgui.cpp */; };
		DC8CB4AF2859187F0016FC5F /* imgui_tables.cpp in Sources */ = {isa = PBXBuildFile; fileRef = DC8CB4AB2859187F0016FC5F /* imgui_tables.cpp */; };
		DC8CB4B02859187F0016FC5F /* imgui_draw.cpp in Sources */ = {isa = PBXBuildFile; fileRef = DC8CB4AC2859187F0016FC5F /* imgui_draw.cpp */; };
		DC8CB4B12859187F0016FC5F /* imgui_demo.cpp in Sources */ = {isa = PBXBuildFile; fileRef = DC8CB4AD2859187F0016FC5F /* imgui_demo.cpp */; };
		DC8CB4B22859187F0016FC5F /* imgui_widgets.cpp in Sources */ = {isa = PBXBuildFile; fileRef = DC8CB4AE2859187F0016FC5F /* imgui_widgets.cpp */; };
		DC8CB4B42859189A0016FC5F /* QuartzCore.framework in Frameworks */ = {isa = PBXBuildFile; fileRef = DC8CB4B32859189A0016FC5F /* QuartzCore.framework */; };
		DC8CB4B6285918FC0016FC5F /* AppKit.framework in Frameworks */ = {isa = PBXBuildFile; fileRef = DC8CB4B5285918FC0016FC5F /* AppKit.framework */; };
		DC8CB4B8285919030016FC5F /* GameController.framework in Frameworks */ = {isa = PBXBuildFile; fileRef = DC8CB4B7285919030016FC5F /* GameController.framework */; };
		DCBF602C2869D4F000BAB560 /* Renderer.cpp in Sources */ = {isa = PBXBuildFile; fileRef = DCBF602A2869D4F000BAB560 /* Renderer.cpp */; };
/* End PBXBuildFile section */

/* Begin PBXContainerItemProxy section */
		D18F8691285BDE1800819416 /* PBXContainerItemProxy */ = {
			isa = PBXContainerItemProxy;
			containerPortal = DC8CB4632858D80A0016FC5F /* Project object */;
			proxyType = 1;
			remoteGlobalIDString = DC8CB46C2858D8310016FC5F;
			remoteInfo = Walnut;
		};
		DC8CB49F285908150016FC5F /* PBXContainerItemProxy */ = {
			isa = PBXContainerItemProxy;
			containerPortal = DC8CB4632858D80A0016FC5F /* Project object */;
			proxyType = 1;
			remoteGlobalIDString = DC8CB46C2858D8310016FC5F;
			remoteInfo = Walnut;
		};
/* End PBXContainerItemProxy section */

/* Begin PBXFileReference section */
		D18F8612285BD16100819416 /* NSDefines.hpp */ = {isa = PBXFileReference; lastKnownFileType = sourcecode.cpp.h; name = NSDefines.hpp; path = "Third-Party/metal-cpp/Foundation/NSDefines.hpp"; sourceTree = "<group>"; };
		D18F8613285BD16100819416 /* NSObject.hpp */ = {isa = PBXFileReference; lastKnownFileType = sourcecode.cpp.h; name = NSObject.hpp; path = "Third-Party/metal-cpp/Foundation/NSObject.hpp"; sourceTree = "<group>"; };
		D18F8614285BD16100819416 /* NSDictionary.hpp */ = {isa = PBXFileReference; lastKnownFileType = sourcecode.cpp.h; name = NSDictionary.hpp; path = "Third-Party/metal-cpp/Foundation/NSDictionary.hpp"; sourceTree = "<group>"; };
		D18F8615285BD16100819416 /* NSLock.hpp */ = {isa = PBXFileReference; lastKnownFileType = sourcecode.cpp.h; name = NSLock.hpp; path = "Third-Party/metal-cpp/Foundation/NSLock.hpp"; sourceTree = "<group>"; };
		D18F8616285BD16100819416 /* NSRange.hpp */ = {isa = PBXFileReference; lastKnownFileType = sourcecode.cpp.h; name = NSRange.hpp; path = "Third-Party/metal-cpp/Foundation/NSRange.hpp"; sourceTree = "<group>"; };
		D18F8617285BD16100819416 /* NSTypes.hpp */ = {isa = PBXFileReference; lastKnownFileType = sourcecode.cpp.h; name = NSTypes.hpp; path = "Third-Party/metal-cpp/Foundation/NSTypes.hpp"; sourceTree = "<group>"; };
		D18F8618285BD16100819416 /* Foundation.hpp */ = {isa = PBXFileReference; lastKnownFileType = sourcecode.cpp.h; name = Foundation.hpp; path = "Third-Party/metal-cpp/Foundation/Foundation.hpp"; sourceTree = "<group>"; };
		D18F8619285BD16100819416 /* NSString.hpp */ = {isa = PBXFileReference; lastKnownFileType = sourcecode.cpp.h; name = NSString.hpp; path = "Third-Party/metal-cpp/Foundation/NSString.hpp"; sourceTree = "<group>"; };
		D18F861A285BD16100819416 /* NSAutoreleasePool.hpp */ = {isa = PBXFileReference; lastKnownFileType = sourcecode.cpp.h; name = NSAutoreleasePool.hpp; path = "Third-Party/metal-cpp/Foundation/NSAutoreleasePool.hpp"; sourceTree = "<group>"; };
		D18F861B285BD16100819416 /* NSEnumerator.hpp */ = {isa = PBXFileReference; lastKnownFileType = sourcecode.cpp.h; name = NSEnumerator.hpp; path = "Third-Party/metal-cpp/Foundation/NSEnumerator.hpp"; sourceTree = "<group>"; };
		D18F861C285BD16100819416 /* NSNumber.hpp */ = {isa = PBXFileReference; lastKnownFileType = sourcecode.cpp.h; name = NSNumber.hpp; path = "Third-Party/metal-cpp/Foundation/NSNumber.hpp"; sourceTree = "<group>"; };
		D18F861D285BD16100819416 /* NSURL.hpp */ = {isa = PBXFileReference; lastKnownFileType = sourcecode.cpp.h; name = NSURL.hpp; path = "Third-Party/metal-cpp/Foundation/NSURL.hpp"; sourceTree = "<group>"; };
		D18F861E285BD16100819416 /* NSData.hpp */ = {isa = PBXFileReference; lastKnownFileType = sourcecode.cpp.h; name = NSData.hpp; path = "Third-Party/metal-cpp/Foundation/NSData.hpp"; sourceTree = "<group>"; };
		D18F861F285BD16100819416 /* NSNotification.hpp */ = {isa = PBXFileReference; lastKnownFileType = sourcecode.cpp.h; name = NSNotification.hpp; path = "Third-Party/metal-cpp/Foundation/NSNotification.hpp"; sourceTree = "<group>"; };
		D18F8620285BD16100819416 /* NSProcessInfo.hpp */ = {isa = PBXFileReference; lastKnownFileType = sourcecode.cpp.h; name = NSProcessInfo.hpp; path = "Third-Party/metal-cpp/Foundation/NSProcessInfo.hpp"; sourceTree = "<group>"; };
		D18F8621285BD16100819416 /* NSObjCRuntime.hpp */ = {isa = PBXFileReference; lastKnownFileType = sourcecode.cpp.h; name = NSObjCRuntime.hpp; path = "Third-Party/metal-cpp/Foundation/NSObjCRuntime.hpp"; sourceTree = "<group>"; };
		D18F8622285BD16100819416 /* NSPrivate.hpp */ = {isa = PBXFileReference; lastKnownFileType = sourcecode.cpp.h; name = NSPrivate.hpp; path = "Third-Party/metal-cpp/Foundation/NSPrivate.hpp"; sourceTree = "<group>"; };
		D18F8623285BD16100819416 /* NSError.hpp */ = {isa = PBXFileReference; lastKnownFileType = sourcecode.cpp.h; name = NSError.hpp; path = "Third-Party/metal-cpp/Foundation/NSError.hpp"; sourceTree = "<group>"; };
		D18F8624285BD16100819416 /* NSArray.hpp */ = {isa = PBXFileReference; lastKnownFileType = sourcecode.cpp.h; name = NSArray.hpp; path = "Third-Party/metal-cpp/Foundation/NSArray.hpp"; sourceTree = "<group>"; };
		D18F8625285BD16100819416 /* NSBundle.hpp */ = {isa = PBXFileReference; lastKnownFileType = sourcecode.cpp.h; name = NSBundle.hpp; path = "Third-Party/metal-cpp/Foundation/NSBundle.hpp"; sourceTree = "<group>"; };
		D18F8626285BD16100819416 /* NSDate.hpp */ = {isa = PBXFileReference; lastKnownFileType = sourcecode.cpp.h; name = NSDate.hpp; path = "Third-Party/metal-cpp/Foundation/NSDate.hpp"; sourceTree = "<group>"; };
		D18F8627285BD17500819416 /* MTLParallelRenderCommandEncoder.hpp */ = {isa = PBXFileReference; lastKnownFileType = sourcecode.cpp.h; name = MTLParallelRenderCommandEncoder.hpp; path = "Third-Party/metal-cpp/Metal/MTLParallelRenderCommandEncoder.hpp"; sourceTree = "<group>"; };
		D18F8628285BD17500819416 /* MTLRasterizationRate.hpp */ = {isa = PBXFileReference; lastKnownFileType = sourcecode.cpp.h; name = MTLRasterizationRate.hpp; path = "Third-Party/metal-cpp/Metal/MTLRasterizationRate.hpp"; sourceTree = "<group>"; };
		D18F8629285BD17500819416 /* MTLComputePass.hpp */ = {isa = PBXFileReference; lastKnownFileType = sourcecode.cpp.h; name = MTLComputePass.hpp; path = "Third-Party/metal-cpp/Metal/MTLComputePass.hpp"; sourceTree = "<group>"; };
		D18F862A285BD17500819416 /* MTLCaptureScope.hpp */ = {isa = PBXFileReference; lastKnownFileType = sourcecode.cpp.h; name = MTLCaptureScope.hpp; path = "Third-Party/metal-cpp/Metal/MTLCaptureScope.hpp"; sourceTree = "<group>"; };
		D18F862B285BD17500819416 /* MTLFence.hpp */ = {isa = PBXFileReference; lastKnownFileType = sourcecode.cpp.h; name = MTLFence.hpp; path = "Third-Party/metal-cpp/Metal/MTLFence.hpp"; sourceTree = "<group>"; };
		D18F862C285BD17500819416 /* MTLFunctionDescriptor.hpp */ = {isa = PBXFileReference; lastKnownFileType = sourcecode.cpp.h; name = MTLFunctionDescriptor.hpp; path = "Third-Party/metal-cpp/Metal/MTLFunctionDescriptor.hpp"; sourceTree = "<group>"; };
		D18F862D285BD17500819416 /* MTLIntersectionFunctionTable.hpp */ = {isa = PBXFileReference; lastKnownFileType = sourcecode.cpp.h; name = MTLIntersectionFunctionTable.hpp; path = "Third-Party/metal-cpp/Metal/MTLIntersectionFunctionTable.hpp"; sourceTree = "<group>"; };
		D18F862E285BD17500819416 /* MTLHeap.hpp */ = {isa = PBXFileReference; lastKnownFileType = sourcecode.cpp.h; name = MTLHeap.hpp; path = "Third-Party/metal-cpp/Metal/MTLHeap.hpp"; sourceTree = "<group>"; };
		D18F862F285BD17500819416 /* MTLPixelFormat.hpp */ = {isa = PBXFileReference; lastKnownFileType = sourcecode.cpp.h; name = MTLPixelFormat.hpp; path = "Third-Party/metal-cpp/Metal/MTLPixelFormat.hpp"; sourceTree = "<group>"; };
		D18F8630285BD17500819416 /* MTLBinaryArchive.hpp */ = {isa = PBXFileReference; lastKnownFileType = sourcecode.cpp.h; name = MTLBinaryArchive.hpp; path = "Third-Party/metal-cpp/Metal/MTLBinaryArchive.hpp"; sourceTree = "<group>"; };
		D18F8631285BD17500819416 /* MTLHeaderBridge.hpp */ = {isa = PBXFileReference; lastKnownFileType = sourcecode.cpp.h; name = MTLHeaderBridge.hpp; path = "Third-Party/metal-cpp/Metal/MTLHeaderBridge.hpp"; sourceTree = "<group>"; };
		D18F8632285BD17500819416 /* MTLFunctionStitching.hpp */ = {isa = PBXFileReference; lastKnownFileType = sourcecode.cpp.h; name = MTLFunctionStitching.hpp; path = "Third-Party/metal-cpp/Metal/MTLFunctionStitching.hpp"; sourceTree = "<group>"; };
		D18F8633285BD17500819416 /* Metal.hpp */ = {isa = PBXFileReference; lastKnownFileType = sourcecode.cpp.h; name = Metal.hpp; path = "Third-Party/metal-cpp/Metal/Metal.hpp"; sourceTree = "<group>"; };
		D18F8634285BD17600819416 /* MTLArgument.hpp */ = {isa = PBXFileReference; lastKnownFileType = sourcecode.cpp.h; name = MTLArgument.hpp; path = "Third-Party/metal-cpp/Metal/MTLArgument.hpp"; sourceTree = "<group>"; };
		D18F8635285BD17600819416 /* MTLComputeCommandEncoder.hpp */ = {isa = PBXFileReference; lastKnownFileType = sourcecode.cpp.h; name = MTLComputeCommandEncoder.hpp; path = "Third-Party/metal-cpp/Metal/MTLComputeCommandEncoder.hpp"; sourceTree = "<group>"; };
		D18F8636285BD17600819416 /* MTLFunctionConstantValues.hpp */ = {isa = PBXFileReference; lastKnownFileType = sourcecode.cpp.h; name = MTLFunctionConstantValues.hpp; path = "Third-Party/metal-cpp/Metal/MTLFunctionConstantValues.hpp"; sourceTree = "<group>"; };
		D18F8637285BD17600819416 /* MTLLibrary.hpp */ = {isa = PBXFileReference; lastKnownFileType = sourcecode.cpp.h; name = MTLLibrary.hpp; path = "Third-Party/metal-cpp/Metal/MTLLibrary.hpp"; sourceTree = "<group>"; };
		D18F8638285BD17600819416 /* MTLCommandEncoder.hpp */ = {isa = PBXFileReference; lastKnownFileType = sourcecode.cpp.h; name = MTLCommandEncoder.hpp; path = "Third-Party/metal-cpp/Metal/MTLCommandEncoder.hpp"; sourceTree = "<group>"; };
		D18F8639285BD17600819416 /* MTLIndirectCommandBuffer.hpp */ = {isa = PBXFileReference; lastKnownFileType = sourcecode.cpp.h; name = MTLIndirectCommandBuffer.hpp; path = "Third-Party/metal-cpp/Metal/MTLIndirectCommandBuffer.hpp"; sourceTree = "<group>"; };
		D18F863A285BD17600819416 /* MTLAccelerationStructureCommandEncoder.hpp */ = {isa = PBXFileReference; lastKnownFileType = sourcecode.cpp.h; name = MTLAccelerationStructureCommandEncoder.hpp; path = "Third-Party/metal-cpp/Metal/MTLAccelerationStructureCommandEncoder.hpp"; sourceTree = "<group>"; };
		D18F863B285BD17600819416 /* MTLFunctionLog.hpp */ = {isa = PBXFileReference; lastKnownFileType = sourcecode.cpp.h; name = MTLFunctionLog.hpp; path = "Third-Party/metal-cpp/Metal/MTLFunctionLog.hpp"; sourceTree = "<group>"; };
		D18F863C285BD17600819416 /* MTLPrivate.hpp */ = {isa = PBXFileReference; lastKnownFileType = sourcecode.cpp.h; name = MTLPrivate.hpp; path = "Third-Party/metal-cpp/Metal/MTLPrivate.hpp"; sourceTree = "<group>"; };
		D18F863D285BD17600819416 /* MTLDefines.hpp */ = {isa = PBXFileReference; lastKnownFileType = sourcecode.cpp.h; name = MTLDefines.hpp; path = "Third-Party/metal-cpp/Metal/MTLDefines.hpp"; sourceTree = "<group>"; };
		D18F863E285BD17600819416 /* MTLCaptureManager.hpp */ = {isa = PBXFileReference; lastKnownFileType = sourcecode.cpp.h; name = MTLCaptureManager.hpp; path = "Third-Party/metal-cpp/Metal/MTLCaptureManager.hpp"; sourceTree = "<group>"; };
		D18F863F285BD17600819416 /* MTLEvent.hpp */ = {isa = PBXFileReference; lastKnownFileType = sourcecode.cpp.h; name = MTLEvent.hpp; path = "Third-Party/metal-cpp/Metal/MTLEvent.hpp"; sourceTree = "<group>"; };
		D18F8640285BD17600819416 /* MTLPipeline.hpp */ = {isa = PBXFileReference; lastKnownFileType = sourcecode.cpp.h; name = MTLPipeline.hpp; path = "Third-Party/metal-cpp/Metal/MTLPipeline.hpp"; sourceTree = "<group>"; };
		D18F8641285BD17600819416 /* MTLDrawable.hpp */ = {isa = PBXFileReference; lastKnownFileType = sourcecode.cpp.h; name = MTLDrawable.hpp; path = "Third-Party/metal-cpp/Metal/MTLDrawable.hpp"; sourceTree = "<group>"; };
		D18F8642285BD17600819416 /* MTLBlitPass.hpp */ = {isa = PBXFileReference; lastKnownFileType = sourcecode.cpp.h; name = MTLBlitPass.hpp; path = "Third-Party/metal-cpp/Metal/MTLBlitPass.hpp"; sourceTree = "<group>"; };
		D18F8643285BD17600819416 /* MTLBlitCommandEncoder.hpp */ = {isa = PBXFileReference; lastKnownFileType = sourcecode.cpp.h; name = MTLBlitCommandEncoder.hpp; path = "Third-Party/metal-cpp/Metal/MTLBlitCommandEncoder.hpp"; sourceTree = "<group>"; };
		D18F8644285BD17600819416 /* MTLCounters.hpp */ = {isa = PBXFileReference; lastKnownFileType = sourcecode.cpp.h; name = MTLCounters.hpp; path = "Third-Party/metal-cpp/Metal/MTLCounters.hpp"; sourceTree = "<group>"; };
		D18F8645285BD17600819416 /* MTLAccelerationStructureTypes.hpp */ = {isa = PBXFileReference; lastKnownFileType = sourcecode.cpp.h; name = MTLAccelerationStructureTypes.hpp; path = "Third-Party/metal-cpp/Metal/MTLAccelerationStructureTypes.hpp"; sourceTree = "<group>"; };
		D18F8646285BD17600819416 /* MTLArgumentEncoder.hpp */ = {isa = PBXFileReference; lastKnownFileType = sourcecode.cpp.h; name = MTLArgumentEncoder.hpp; path = "Third-Party/metal-cpp/Metal/MTLArgumentEncoder.hpp"; sourceTree = "<group>"; };
		D18F8647285BD17600819416 /* MTLCommandQueue.hpp */ = {isa = PBXFileReference; lastKnownFileType = sourcecode.cpp.h; name = MTLCommandQueue.hpp; path = "Third-Party/metal-cpp/Metal/MTLCommandQueue.hpp"; sourceTree = "<group>"; };
		D18F8648285BD17600819416 /* MTLDepthStencil.hpp */ = {isa = PBXFileReference; lastKnownFileType = sourcecode.cpp.h; name = MTLDepthStencil.hpp; path = "Third-Party/metal-cpp/Metal/MTLDepthStencil.hpp"; sourceTree = "<group>"; };
		D18F8649285BD17600819416 /* MTLBuffer.hpp */ = {isa = PBXFileReference; lastKnownFileType = sourcecode.cpp.h; name = MTLBuffer.hpp; path = "Third-Party/metal-cpp/Metal/MTLBuffer.hpp"; sourceTree = "<group>"; };
		D18F864A285BD17600819416 /* MTLComputePipeline.hpp */ = {isa = PBXFileReference; lastKnownFileType = sourcecode.cpp.h; name = MTLComputePipeline.hpp; path = "Third-Party/metal-cpp/Metal/MTLComputePipeline.hpp"; sourceTree = "<group>"; };
		D18F864B285BD17600819416 /* MTLIndirectCommandEncoder.hpp */ = {isa = PBXFileReference; lastKnownFileType = sourcecode.cpp.h; name = MTLIndirectCommandEncoder.hpp; path = "Third-Party/metal-cpp/Metal/MTLIndirectCommandEncoder.hpp"; sourceTree = "<group>"; };
		D18F864C285BD17600819416 /* MTLCommandBuffer.hpp */ = {isa = PBXFileReference; lastKnownFileType = sourcecode.cpp.h; name = MTLCommandBuffer.hpp; path = "Third-Party/metal-cpp/Metal/MTLCommandBuffer.hpp"; sourceTree = "<group>"; };
		D18F864D285BD17600819416 /* MTLRenderPass.hpp */ = {isa = PBXFileReference; lastKnownFileType = sourcecode.cpp.h; name = MTLRenderPass.hpp; path = "Third-Party/metal-cpp/Metal/MTLRenderPass.hpp"; sourceTree = "<group>"; };
		D18F864E285BD17600819416 /* MTLFunctionHandle.hpp */ = {isa = PBXFileReference; lastKnownFileType = sourcecode.cpp.h; name = MTLFunctionHandle.hpp; path = "Third-Party/metal-cpp/Metal/MTLFunctionHandle.hpp"; sourceTree = "<group>"; };
		D18F864F285BD17600819416 /* MTLAccelerationStructure.hpp */ = {isa = PBXFileReference; lastKnownFileType = sourcecode.cpp.h; name = MTLAccelerationStructure.hpp; path = "Third-Party/metal-cpp/Metal/MTLAccelerationStructure.hpp"; sourceTree = "<group>"; };
		D18F8650285BD17600819416 /* MTLRenderCommandEncoder.hpp */ = {isa = PBXFileReference; lastKnownFileType = sourcecode.cpp.h; name = MTLRenderCommandEncoder.hpp; path = "Third-Party/metal-cpp/Metal/MTLRenderCommandEncoder.hpp"; sourceTree = "<group>"; };
		D18F8651285BD17600819416 /* MTLLinkedFunctions.hpp */ = {isa = PBXFileReference; lastKnownFileType = sourcecode.cpp.h; name = MTLLinkedFunctions.hpp; path = "Third-Party/metal-cpp/Metal/MTLLinkedFunctions.hpp"; sourceTree = "<group>"; };
		D18F8652285BD17600819416 /* MTLDynamicLibrary.hpp */ = {isa = PBXFileReference; lastKnownFileType = sourcecode.cpp.h; name = MTLDynamicLibrary.hpp; path = "Third-Party/metal-cpp/Metal/MTLDynamicLibrary.hpp"; sourceTree = "<group>"; };
		D18F8653285BD17600819416 /* MTLDevice.hpp */ = {isa = PBXFileReference; lastKnownFileType = sourcecode.cpp.h; name = MTLDevice.hpp; path = "Third-Party/metal-cpp/Metal/MTLDevice.hpp"; sourceTree = "<group>"; };
		D18F8654285BD18500819416 /* CAMetalDrawable.hpp */ = {isa = PBXFileReference; lastKnownFileType = sourcecode.cpp.h; name = CAMetalDrawable.hpp; path = "Third-Party/metal-cpp/QuartzCore/CAMetalDrawable.hpp"; sourceTree = "<group>"; };
		D18F8655285BD18500819416 /* CADefines.hpp */ = {isa = PBXFileReference; lastKnownFileType = sourcecode.cpp.h; name = CADefines.hpp; path = "Third-Party/metal-cpp/QuartzCore/CADefines.hpp"; sourceTree = "<group>"; };
		D18F8656285BD18500819416 /* QuartzCore.hpp */ = {isa = PBXFileReference; lastKnownFileType = sourcecode.cpp.h; name = QuartzCore.hpp; path = "Third-Party/metal-cpp/QuartzCore/QuartzCore.hpp"; sourceTree = "<group>"; };
		D18F8657285BD18500819416 /* CAPrivate.hpp */ = {isa = PBXFileReference; lastKnownFileType = sourcecode.cpp.h; name = CAPrivate.hpp; path = "Third-Party/metal-cpp/QuartzCore/CAPrivate.hpp"; sourceTree = "<group>"; };
		D18F865B285BD1BB00819416 /* NSMenuItem.hpp */ = {isa = PBXFileReference; lastKnownFileType = sourcecode.cpp.h; name = NSMenuItem.hpp; path = "Third-Party/metal-cpp-extensions/AppKit/NSMenuItem.hpp"; sourceTree = "<group>"; };
		D18F865C285BD1BB00819416 /* NSView.hpp */ = {isa = PBXFileReference; lastKnownFileType = sourcecode.cpp.h; name = NSView.hpp; path = "Third-Party/metal-cpp-extensions/AppKit/NSView.hpp"; sourceTree = "<group>"; };
		D18F865D285BD1BB00819416 /* NSApplication.hpp */ = {isa = PBXFileReference; lastKnownFileType = sourcecode.cpp.h; name = NSApplication.hpp; path = "Third-Party/metal-cpp-extensions/AppKit/NSApplication.hpp"; sourceTree = "<group>"; };
		D18F865E285BD1BB00819416 /* AppKit.hpp */ = {isa = PBXFileReference; lastKnownFileType = sourcecode.cpp.h; name = AppKit.hpp; path = "Third-Party/metal-cpp-extensions/AppKit/AppKit.hpp"; sourceTree = "<group>"; };
		D18F865F285BD1BB00819416 /* AppKitPrivate.hpp */ = {isa = PBXFileReference; lastKnownFileType = sourcecode.cpp.h; name = AppKitPrivate.hpp; path = "Third-Party/metal-cpp-extensions/AppKit/AppKitPrivate.hpp"; sourceTree = "<group>"; };
		D18F8660285BD1BB00819416 /* NSMenu.hpp */ = {isa = PBXFileReference; lastKnownFileType = sourcecode.cpp.h; name = NSMenu.hpp; path = "Third-Party/metal-cpp-extensions/AppKit/NSMenu.hpp"; sourceTree = "<group>"; };
		D18F8661285BD1BB00819416 /* NSWindow.hpp */ = {isa = PBXFileReference; lastKnownFileType = sourcecode.cpp.h; name = NSWindow.hpp; path = "Third-Party/metal-cpp-extensions/AppKit/NSWindow.hpp"; sourceTree = "<group>"; };
		D18F8662285BD1BB00819416 /* NSRunningApplication.hpp */ = {isa = PBXFileReference; lastKnownFileType = sourcecode.cpp.h; name = NSRunningApplication.hpp; path = "Third-Party/metal-cpp-extensions/AppKit/NSRunningApplication.hpp"; sourceTree = "<group>"; };
		D18F8663285BD1CB00819416 /* MetalKit.hpp */ = {isa = PBXFileReference; lastKnownFileType = sourcecode.cpp.h; name = MetalKit.hpp; path = "Third-Party/metal-cpp-extensions/MetalKit/MetalKit.hpp"; sourceTree = "<group>"; };
		D18F8664285BD1CB00819416 /* MTKView.hpp */ = {isa = PBXFileReference; lastKnownFileType = sourcecode.cpp.h; name = MTKView.hpp; path = "Third-Party/metal-cpp-extensions/MetalKit/MTKView.hpp"; sourceTree = "<group>"; };
		D18F8665285BD1CB00819416 /* MetalKitPrivate.hpp */ = {isa = PBXFileReference; lastKnownFileType = sourcecode.cpp.h; name = MetalKitPrivate.hpp; path = "Third-Party/metal-cpp-extensions/MetalKit/MetalKitPrivate.hpp"; sourceTree = "<group>"; };
		D18F8666285BD56F00819416 /* Image.cpp */ = {isa = PBXFileReference; lastKnownFileType = sourcecode.cpp.cpp; path = Image.cpp; sourceTree = "<group>"; };
		D18F8667285BD56F00819416 /* Image.h */ = {isa = PBXFileReference; lastKnownFileType = sourcecode.c.h; path = Image.h; sourceTree = "<group>"; };
		D18F866A285BD7C100819416 /* MTLResource.hpp */ = {isa = PBXFileReference; lastKnownFileType = sourcecode.cpp.h; name = MTLResource.hpp; path = "Third-Party/metal-cpp/Metal/MTLResource.hpp"; sourceTree = "<group>"; };
		D18F866B285BD7C100819416 /* MTLResourceStatePass.hpp */ = {isa = PBXFileReference; lastKnownFileType = sourcecode.cpp.h; name = MTLResourceStatePass.hpp; path = "Third-Party/metal-cpp/Metal/MTLResourceStatePass.hpp"; sourceTree = "<group>"; };
		D18F866C285BD7C100819416 /* MTLResourceStateCommandEncoder.hpp */ = {isa = PBXFileReference; lastKnownFileType = sourcecode.cpp.h; name = MTLResourceStateCommandEncoder.hpp; path = "Third-Party/metal-cpp/Metal/MTLResourceStateCommandEncoder.hpp"; sourceTree = "<group>"; };
		D18F866D285BD7C100819416 /* MTLSampler.hpp */ = {isa = PBXFileReference; lastKnownFileType = sourcecode.cpp.h; name = MTLSampler.hpp; path = "Third-Party/metal-cpp/Metal/MTLSampler.hpp"; sourceTree = "<group>"; };
		D18F866E285BD7C100819416 /* MTLTexture.hpp */ = {isa = PBXFileReference; lastKnownFileType = sourcecode.cpp.h; name = MTLTexture.hpp; path = "Third-Party/metal-cpp/Metal/MTLTexture.hpp"; sourceTree = "<group>"; };
		D18F866F285BD7C100819416 /* MTLRenderPipeline.hpp */ = {isa = PBXFileReference; lastKnownFileType = sourcecode.cpp.h; name = MTLRenderPipeline.hpp; path = "Third-Party/metal-cpp/Metal/MTLRenderPipeline.hpp"; sourceTree = "<group>"; };
		D18F8670285BD7C100819416 /* MTLStageInputOutputDescriptor.hpp */ = {isa = PBXFileReference; lastKnownFileType = sourcecode.cpp.h; name = MTLStageInputOutputDescriptor.hpp; path = "Third-Party/metal-cpp/Metal/MTLStageInputOutputDescriptor.hpp"; sourceTree = "<group>"; };
		D18F8671285BD7C100819416 /* MTLTypes.hpp */ = {isa = PBXFileReference; lastKnownFileType = sourcecode.cpp.h; name = MTLTypes.hpp; path = "Third-Party/metal-cpp/Metal/MTLTypes.hpp"; sourceTree = "<group>"; };
		D18F8672285BD7C100819416 /* MTLVertexDescriptor.hpp */ = {isa = PBXFileReference; lastKnownFileType = sourcecode.cpp.h; name = MTLVertexDescriptor.hpp; path = "Third-Party/metal-cpp/Metal/MTLVertexDescriptor.hpp"; sourceTree = "<group>"; };
		D18F8673285BD7C100819416 /* MTLVisibleFunctionTable.hpp */ = {isa = PBXFileReference; lastKnownFileType = sourcecode.cpp.h; name = MTLVisibleFunctionTable.hpp; path = "Third-Party/metal-cpp/Metal/MTLVisibleFunctionTable.hpp"; sourceTree = "<group>"; };
		D18F8678285BDDB700819416 /* RayTracing.app */ = {isa = PBXFileReference; explicitFileType = wrapper.application; includeInIndex = 0; path = RayTracing.app; sourceTree = BUILT_PRODUCTS_DIR; };
		D18F8687285BDDB700819416 /* RayTracing.entitlements */ = {isa = PBXFileReference; lastKnownFileType = text.plist.entitlements; path = RayTracing.entitlements; sourceTree = "<group>"; };
		D18F868B285BDDDB00819416 /* WalnutApp.cpp */ = {isa = PBXFileReference; lastKnownFileType = sourcecode.cpp.cpp; path = WalnutApp.cpp; sourceTree = "<group>"; };
		D18F8696285BDE7600819416 /* Random.cpp */ = {isa = PBXFileReference; lastKnownFileType = sourcecode.cpp.cpp; path = Random.cpp; sourceTree = "<group>"; };
		D18F8697285BDE7600819416 /* Random.h */ = {isa = PBXFileReference; lastKnownFileType = sourcecode.c.h; path = Random.h; sourceTree = "<group>"; };
		D18F869A285BE00C00819416 /* Timer.h */ = {isa = PBXFileReference; lastKnownFileType = sourcecode.c.h; path = Timer.h; sourceTree = "<group>"; };
		DC499387287DC07E00115505 /* Info.plist */ = {isa = PBXFileReference; lastKnownFileType = text.plist; path = Info.plist; sourceTree = "<group>"; };
		DC8B6998285B6F1300DB13EF /* MetalCpp.cpp */ = {isa = PBXFileReference; lastKnownFileType = sourcecode.cpp.cpp; path = MetalCpp.cpp; sourceTree = "<group>"; };
		DC8CB46D2858D8310016FC5F /* libWalnut.a */ = {isa = PBXFileReference; explicitFileType = archive.ar; includeInIndex = 0; path = libWalnut.a; sourceTree = BUILT_PRODUCTS_DIR; };
		DC8CB4772858D8AA0016FC5F /* WalnutApp.app */ = {isa = PBXFileReference; explicitFileType = wrapper.application; includeInIndex = 0; path = WalnutApp.app; sourceTree = BUILT_PRODUCTS_DIR; };
		DC8CB4862858D8B00016FC5F /* WalnutApp.entitlements */ = {isa = PBXFileReference; lastKnownFileType = text.plist.entitlements; path = WalnutApp.entitlements; sourceTree = "<group>"; };
		DC8CB4902858F9610016FC5F /* EntryPoint.h */ = {isa = PBXFileReference; lastKnownFileType = sourcecode.c.h; path = EntryPoint.h; sourceTree = "<group>"; };
		DC8CB4912858FA3C0016FC5F /* Layer.h */ = {isa = PBXFileReference; lastKnownFileType = sourcecode.c.h; path = Layer.h; sourceTree = "<group>"; };
		DC8CB4922858FA8C0016FC5F /* Application.h */ = {isa = PBXFileReference; lastKnownFileType = sourcecode.c.h; path = Application.h; sourceTree = "<group>"; };
		DC8CB4932858FC130016FC5F /* Application.cpp */ = {isa = PBXFileReference; lastKnownFileType = sourcecode.cpp.cpp; path = Application.cpp; sourceTree = "<group>"; };
		DC8CB495285905E60016FC5F /* WalnutApp.cpp */ = {isa = PBXFileReference; lastKnownFileType = sourcecode.cpp.cpp; path = WalnutApp.cpp; sourceTree = "<group>"; };
		DC8CB498285907F60016FC5F /* Foundation.framework */ = {isa = PBXFileReference; lastKnownFileType = wrapper.framework; name = Foundation.framework; path = System/Library/Frameworks/Foundation.framework; sourceTree = SDKROOT; };
		DC8CB49A285907FE0016FC5F /* Metal.framework */ = {isa = PBXFileReference; lastKnownFileType = wrapper.framework; name = Metal.framework; path = System/Library/Frameworks/Metal.framework; sourceTree = SDKROOT; };
		DC8CB49B285907FE0016FC5F /* MetalKit.framework */ = {isa = PBXFileReference; lastKnownFileType = wrapper.framework; name = MetalKit.framework; path = System/Library/Frameworks/MetalKit.framework; sourceTree = SDKROOT; };
		DC8CB4A2285917FE0016FC5F /* imgui.cpp */ = {isa = PBXFileReference; lastKnownFileType = sourcecode.cpp.cpp; name = imgui.cpp; path = "Third-Party/imgui/imgui.cpp"; sourceTree = "<group>"; };
		DC8CB4A3285917FE0016FC5F /* imgui.h */ = {isa = PBXFileReference; lastKnownFileType = sourcecode.c.h; name = imgui.h; path = "Third-Party/imgui/imgui.h"; sourceTree = "<group>"; };
		DC8CB4A4285918160016FC5F /* imgui_impl_osx.h */ = {isa = PBXFileReference; lastKnownFileType = sourcecode.c.h; name = imgui_impl_osx.h; path = "Third-Party/imgui/backends/imgui_impl_osx.h"; sourceTree = "<group>"; };
		DC8CB4A5285918160016FC5F /* imgui_impl_metal.h */ = {isa = PBXFileReference; lastKnownFileType = sourcecode.c.h; name = imgui_impl_metal.h; path = "Third-Party/imgui/backends/imgui_impl_metal.h"; sourceTree = "<group>"; };
		DC8CB4A6285918160016FC5F /* imgui_impl_metal.mm */ = {isa = PBXFileReference; lastKnownFileType = sourcecode.cpp.objcpp; name = imgui_impl_metal.mm; path = "Third-Party/imgui/backends/imgui_impl_metal.mm"; sourceTree = "<group>"; };
		DC8CB4A7285918160016FC5F /* imgui_impl_osx.mm */ = {isa = PBXFileReference; lastKnownFileType = sourcecode.cpp.objcpp; name = imgui_impl_osx.mm; path = "Third-Party/imgui/backends/imgui_impl_osx.mm"; sourceTree = "<group>"; };
		DC8CB4AB2859187F0016FC5F /* imgui_tables.cpp */ = {isa = PBXFileReference; fileEncoding = 4; lastKnownFileType = sourcecode.cpp.cpp; name = imgui_tables.cpp; path = "Third-Party/imgui/imgui_tables.cpp"; sourceTree = "<group>"; };
		DC8CB4AC2859187F0016FC5F /* imgui_draw.cpp */ = {isa = PBXFileReference; fileEncoding = 4; lastKnownFileType = sourcecode.cpp.cpp; name = imgui_draw.cpp; path = "Third-Party/imgui/imgui_draw.cpp"; sourceTree = "<group>"; };
		DC8CB4AD2859187F0016FC5F /* imgui_demo.cpp */ = {isa = PBXFileReference; fileEncoding = 4; lastKnownFileType = sourcecode.cpp.cpp; name = imgui_demo.cpp; path = "Third-Party/imgui/imgui_demo.cpp"; sourceTree = "<group>"; };
		DC8CB4AE2859187F0016FC5F /* imgui_widgets.cpp */ = {isa = PBXFileReference; fileEncoding = 4; lastKnownFileType = sourcecode.cpp.cpp; name = imgui_widgets.cpp; path = "Third-Party/imgui/imgui_widgets.cpp"; sourceTree = "<group>"; };
		DC8CB4B32859189A0016FC5F /* QuartzCore.framework */ = {isa = PBXFileReference; lastKnownFileType = wrapper.framework; name = QuartzCore.framework; path = System/Library/Frameworks/QuartzCore.framework; sourceTree = SDKROOT; };
		DC8CB4B5285918FC0016FC5F /* AppKit.framework */ = {isa = PBXFileReference; lastKnownFileType = wrapper.framework; name = AppKit.framework; path = System/Library/Frameworks/AppKit.framework; sourceTree = SDKROOT; };
		DC8CB4B7285919030016FC5F /* GameController.framework */ = {isa = PBXFileReference; lastKnownFileType = wrapper.framework; name = GameController.framework; path = System/Library/Frameworks/GameController.framework; sourceTree = SDKROOT; };
		DCBF602A2869D4F000BAB560 /* Renderer.cpp */ = {isa = PBXFileReference; lastKnownFileType = sourcecode.cpp.cpp; path = Renderer.cpp; sourceTree = "<group>"; };
		DCBF602B2869D4F000BAB560 /* Renderer.h */ = {isa = PBXFileReference; lastKnownFileType = sourcecode.c.h; path = Renderer.h; sourceTree = "<group>"; };
/* End PBXFileReference section */

/* Begin PBXFrameworksBuildPhase section */
		D18F8675285BDDB700819416 /* Frameworks */ = {
			isa = PBXFrameworksBuildPhase;
			buildActionMask = 2147483647;
			files = (
				D18F8690285BDE1800819416 /* libWalnut.a in Frameworks */,
				D18F868D285BDE0C00819416 /* AppKit.framework in Frameworks */,
				D18F8695285BDE2900819416 /* QuartzCore.framework in Frameworks */,
				D18F8693285BDE2000819416 /* Metal.framework in Frameworks */,
				D18F8694285BDE2400819416 /* MetalKit.framework in Frameworks */,
				D18F868E285BDE1000819416 /* Foundation.framework in Frameworks */,
				D18F868F285BDE1500819416 /* GameController.framework in Frameworks */,
			);
			runOnlyForDeploymentPostprocessing = 0;
		};
		DC8CB46B2858D8310016FC5F /* Frameworks */ = {
			isa = PBXFrameworksBuildPhase;
			buildActionMask = 2147483647;
			files = (
			);
			runOnlyForDeploymentPostprocessing = 0;
		};
		DC8CB4742858D8AA0016FC5F /* Frameworks */ = {
			isa = PBXFrameworksBuildPhase;
			buildActionMask = 2147483647;
			files = (
				DC8CB4B42859189A0016FC5F /* QuartzCore.framework in Frameworks */,
				DC8CB4B8285919030016FC5F /* GameController.framework in Frameworks */,
				DC8CB49E285908150016FC5F /* libWalnut.a in Frameworks */,
				DC8CB49D285907FE0016FC5F /* MetalKit.framework in Frameworks */,
				DC8CB4B6285918FC0016FC5F /* AppKit.framework in Frameworks */,
				DC8CB49C285907FE0016FC5F /* Metal.framework in Frameworks */,
				DC8CB499285907F60016FC5F /* Foundation.framework in Frameworks */,
			);
			runOnlyForDeploymentPostprocessing = 0;
		};
/* End PBXFrameworksBuildPhase section */

/* Begin PBXGroup section */
		D18F860E285BD11400819416 /* metal-cpp */ = {
			isa = PBXGroup;
			children = (
				D18F860F285BD12900819416 /* Foundation */,
				D18F8610285BD14100819416 /* Metal */,
				D18F8611285BD14C00819416 /* QuartzCore */,
			);
			name = "metal-cpp";
			sourceTree = "<group>";
		};
		D18F860F285BD12900819416 /* Foundation */ = {
			isa = PBXGroup;
			children = (
				D18F8618285BD16100819416 /* Foundation.hpp */,
				D18F8624285BD16100819416 /* NSArray.hpp */,
				D18F861A285BD16100819416 /* NSAutoreleasePool.hpp */,
				D18F8625285BD16100819416 /* NSBundle.hpp */,
				D18F861E285BD16100819416 /* NSData.hpp */,
				D18F8626285BD16100819416 /* NSDate.hpp */,
				D18F8612285BD16100819416 /* NSDefines.hpp */,
				D18F8614285BD16100819416 /* NSDictionary.hpp */,
				D18F861B285BD16100819416 /* NSEnumerator.hpp */,
				D18F8623285BD16100819416 /* NSError.hpp */,
				D18F8615285BD16100819416 /* NSLock.hpp */,
				D18F861F285BD16100819416 /* NSNotification.hpp */,
				D18F861C285BD16100819416 /* NSNumber.hpp */,
				D18F8621285BD16100819416 /* NSObjCRuntime.hpp */,
				D18F8613285BD16100819416 /* NSObject.hpp */,
				D18F8622285BD16100819416 /* NSPrivate.hpp */,
				D18F8620285BD16100819416 /* NSProcessInfo.hpp */,
				D18F8616285BD16100819416 /* NSRange.hpp */,
				D18F8619285BD16100819416 /* NSString.hpp */,
				D18F8617285BD16100819416 /* NSTypes.hpp */,
				D18F861D285BD16100819416 /* NSURL.hpp */,
			);
			name = Foundation;
			sourceTree = "<group>";
		};
		D18F8610285BD14100819416 /* Metal */ = {
			isa = PBXGroup;
			children = (
				D18F8633285BD17500819416 /* Metal.hpp */,
				D18F864F285BD17600819416 /* MTLAccelerationStructure.hpp */,
				D18F863A285BD17600819416 /* MTLAccelerationStructureCommandEncoder.hpp */,
				D18F8645285BD17600819416 /* MTLAccelerationStructureTypes.hpp */,
				D18F8634285BD17600819416 /* MTLArgument.hpp */,
				D18F8646285BD17600819416 /* MTLArgumentEncoder.hpp */,
				D18F8630285BD17500819416 /* MTLBinaryArchive.hpp */,
				D18F8643285BD17600819416 /* MTLBlitCommandEncoder.hpp */,
				D18F8642285BD17600819416 /* MTLBlitPass.hpp */,
				D18F8649285BD17600819416 /* MTLBuffer.hpp */,
				D18F863E285BD17600819416 /* MTLCaptureManager.hpp */,
				D18F862A285BD17500819416 /* MTLCaptureScope.hpp */,
				D18F864C285BD17600819416 /* MTLCommandBuffer.hpp */,
				D18F8638285BD17600819416 /* MTLCommandEncoder.hpp */,
				D18F8647285BD17600819416 /* MTLCommandQueue.hpp */,
				D18F8635285BD17600819416 /* MTLComputeCommandEncoder.hpp */,
				D18F8629285BD17500819416 /* MTLComputePass.hpp */,
				D18F864A285BD17600819416 /* MTLComputePipeline.hpp */,
				D18F8644285BD17600819416 /* MTLCounters.hpp */,
				D18F863D285BD17600819416 /* MTLDefines.hpp */,
				D18F8648285BD17600819416 /* MTLDepthStencil.hpp */,
				D18F8653285BD17600819416 /* MTLDevice.hpp */,
				D18F8641285BD17600819416 /* MTLDrawable.hpp */,
				D18F8652285BD17600819416 /* MTLDynamicLibrary.hpp */,
				D18F863F285BD17600819416 /* MTLEvent.hpp */,
				D18F862B285BD17500819416 /* MTLFence.hpp */,
				D18F8636285BD17600819416 /* MTLFunctionConstantValues.hpp */,
				D18F862C285BD17500819416 /* MTLFunctionDescriptor.hpp */,
				D18F864E285BD17600819416 /* MTLFunctionHandle.hpp */,
				D18F863B285BD17600819416 /* MTLFunctionLog.hpp */,
				D18F8632285BD17500819416 /* MTLFunctionStitching.hpp */,
				D18F8631285BD17500819416 /* MTLHeaderBridge.hpp */,
				D18F862E285BD17500819416 /* MTLHeap.hpp */,
				D18F8639285BD17600819416 /* MTLIndirectCommandBuffer.hpp */,
				D18F864B285BD17600819416 /* MTLIndirectCommandEncoder.hpp */,
				D18F862D285BD17500819416 /* MTLIntersectionFunctionTable.hpp */,
				D18F8637285BD17600819416 /* MTLLibrary.hpp */,
				D18F8651285BD17600819416 /* MTLLinkedFunctions.hpp */,
				D18F8627285BD17500819416 /* MTLParallelRenderCommandEncoder.hpp */,
				D18F8640285BD17600819416 /* MTLPipeline.hpp */,
				D18F862F285BD17500819416 /* MTLPixelFormat.hpp */,
				D18F863C285BD17600819416 /* MTLPrivate.hpp */,
				D18F8628285BD17500819416 /* MTLRasterizationRate.hpp */,
				D18F8650285BD17600819416 /* MTLRenderCommandEncoder.hpp */,
				D18F864D285BD17600819416 /* MTLRenderPass.hpp */,
				D18F866F285BD7C100819416 /* MTLRenderPipeline.hpp */,
				D18F866A285BD7C100819416 /* MTLResource.hpp */,
				D18F866C285BD7C100819416 /* MTLResourceStateCommandEncoder.hpp */,
				D18F866B285BD7C100819416 /* MTLResourceStatePass.hpp */,
				D18F866D285BD7C100819416 /* MTLSampler.hpp */,
				D18F8670285BD7C100819416 /* MTLStageInputOutputDescriptor.hpp */,
				D18F866E285BD7C100819416 /* MTLTexture.hpp */,
				D18F8671285BD7C100819416 /* MTLTypes.hpp */,
				D18F8672285BD7C100819416 /* MTLVertexDescriptor.hpp */,
				D18F8673285BD7C100819416 /* MTLVisibleFunctionTable.hpp */,
			);
			name = Metal;
			sourceTree = "<group>";
		};
		D18F8611285BD14C00819416 /* QuartzCore */ = {
			isa = PBXGroup;
			children = (
				D18F8655285BD18500819416 /* CADefines.hpp */,
				D18F8654285BD18500819416 /* CAMetalDrawable.hpp */,
				D18F8657285BD18500819416 /* CAPrivate.hpp */,
				D18F8656285BD18500819416 /* QuartzCore.hpp */,
			);
			name = QuartzCore;
			sourceTree = "<group>";
		};
		D18F8658285BD19100819416 /* metal-cpp-extensions */ = {
			isa = PBXGroup;
			children = (
				D18F8659285BD1A300819416 /* AppKit */,
				D18F865A285BD1AA00819416 /* MetalKit */,
			);
			name = "metal-cpp-extensions";
			sourceTree = "<group>";
		};
		D18F8659285BD1A300819416 /* AppKit */ = {
			isa = PBXGroup;
			children = (
				D18F865E285BD1BB00819416 /* AppKit.hpp */,
				D18F865F285BD1BB00819416 /* AppKitPrivate.hpp */,
				D18F865D285BD1BB00819416 /* NSApplication.hpp */,
				D18F8660285BD1BB00819416 /* NSMenu.hpp */,
				D18F865B285BD1BB00819416 /* NSMenuItem.hpp */,
				D18F8662285BD1BB00819416 /* NSRunningApplication.hpp */,
				D18F865C285BD1BB00819416 /* NSView.hpp */,
				D18F8661285BD1BB00819416 /* NSWindow.hpp */,
			);
			name = AppKit;
			sourceTree = "<group>";
		};
		D18F865A285BD1AA00819416 /* MetalKit */ = {
			isa = PBXGroup;
			children = (
				D18F8663285BD1CB00819416 /* MetalKit.hpp */,
				D18F8665285BD1CB00819416 /* MetalKitPrivate.hpp */,
				D18F8664285BD1CB00819416 /* MTKView.hpp */,
			);
			name = MetalKit;
			sourceTree = "<group>";
		};
		D18F8679285BDDB700819416 /* RayTracing */ = {
			isa = PBXGroup;
			children = (
				DC499387287DC07E00115505 /* Info.plist */,
				D18F8687285BDDB700819416 /* RayTracing.entitlements */,
				D18F868B285BDDDB00819416 /* WalnutApp.cpp */,
				DCBF602A2869D4F000BAB560 /* Renderer.cpp */,
				DCBF602B2869D4F000BAB560 /* Renderer.h */,
			);
			path = RayTracing;
			sourceTree = "<group>";
		};
		DC8CB4622858D80A0016FC5F = {
			isa = PBXGroup;
			children = (
				DC8CB48A2858D8F00016FC5F /* Third-Party */,
				DC8CB4722858D84B0016FC5F /* Walnut */,
				DC8CB4782858D8AA0016FC5F /* WalnutApp */,
				D18F8679285BDDB700819416 /* RayTracing */,
				DC8CB46E2858D8310016FC5F /* Products */,
				DC8CB497285907F50016FC5F /* Frameworks */,
			);
			sourceTree = "<group>";
		};
		DC8CB46E2858D8310016FC5F /* Products */ = {
			isa = PBXGroup;
			children = (
				DC8CB46D2858D8310016FC5F /* libWalnut.a */,
				DC8CB4772858D8AA0016FC5F /* WalnutApp.app */,
				D18F8678285BDDB700819416 /* RayTracing.app */,
			);
			name = Products;
			sourceTree = "<group>";
		};
		DC8CB4722858D84B0016FC5F /* Walnut */ = {
			isa = PBXGroup;
			children = (
				DC8CB4932858FC130016FC5F /* Application.cpp */,
				DC8CB4922858FA8C0016FC5F /* Application.h */,
				DC8CB4902858F9610016FC5F /* EntryPoint.h */,
				D18F8666285BD56F00819416 /* Image.cpp */,
				D18F8667285BD56F00819416 /* Image.h */,
				DC8CB4912858FA3C0016FC5F /* Layer.h */,
				DC8B6998285B6F1300DB13EF /* MetalCpp.cpp */,
				D18F8696285BDE7600819416 /* Random.cpp */,
				D18F8697285BDE7600819416 /* Random.h */,
				D18F869A285BE00C00819416 /* Timer.h */,
			);
			path = Walnut;
			sourceTree = "<group>";
		};
		DC8CB4782858D8AA0016FC5F /* WalnutApp */ = {
			isa = PBXGroup;
			children = (
				DC8CB4862858D8B00016FC5F /* WalnutApp.entitlements */,
				DC8CB495285905E60016FC5F /* WalnutApp.cpp */,
			);
			path = WalnutApp;
			sourceTree = "<group>";
		};
		DC8CB48A2858D8F00016FC5F /* Third-Party */ = {
			isa = PBXGroup;
			children = (
				DC8CB4A1285917DF0016FC5F /* imgui */,
				D18F860E285BD11400819416 /* metal-cpp */,
				D18F8658285BD19100819416 /* metal-cpp-extensions */,
			);
			name = "Third-Party";
			sourceTree = "<group>";
		};
		DC8CB497285907F50016FC5F /* Frameworks */ = {
			isa = PBXGroup;
			children = (
				DC8CB4B7285919030016FC5F /* GameController.framework */,
				DC8CB4B5285918FC0016FC5F /* AppKit.framework */,
				DC8CB4B32859189A0016FC5F /* QuartzCore.framework */,
				DC8CB49A285907FE0016FC5F /* Metal.framework */,
				DC8CB49B285907FE0016FC5F /* MetalKit.framework */,
				DC8CB498285907F60016FC5F /* Foundation.framework */,
			);
			name = Frameworks;
			sourceTree = "<group>";
		};
		DC8CB4A1285917DF0016FC5F /* imgui */ = {
			isa = PBXGroup;
			children = (
				DC8CB4AD2859187F0016FC5F /* imgui_demo.cpp */,
				DC8CB4AC2859187F0016FC5F /* imgui_draw.cpp */,
				DC8CB4A5285918160016FC5F /* imgui_impl_metal.h */,
				DC8CB4A6285918160016FC5F /* imgui_impl_metal.mm */,
				DC8CB4A4285918160016FC5F /* imgui_impl_osx.h */,
				DC8CB4A7285918160016FC5F /* imgui_impl_osx.mm */,
				DC8CB4AB2859187F0016FC5F /* imgui_tables.cpp */,
				DC8CB4AE2859187F0016FC5F /* imgui_widgets.cpp */,
				DC8CB4A2285917FE0016FC5F /* imgui.cpp */,
				DC8CB4A3285917FE0016FC5F /* imgui.h */,
			);
			name = imgui;
			sourceTree = "<group>";
		};
/* End PBXGroup section */

/* Begin PBXHeadersBuildPhase section */
		DC8CB4692858D8310016FC5F /* Headers */ = {
			isa = PBXHeadersBuildPhase;
			buildActionMask = 2147483647;
			files = (
				D18F8669285BD56F00819416 /* Image.h in Headers */,
				D18F8699285BDE7600819416 /* Random.h in Headers */,
			);
			runOnlyForDeploymentPostprocessing = 0;
		};
/* End PBXHeadersBuildPhase section */

/* Begin PBXNativeTarget section */
		D18F8677285BDDB700819416 /* RayTracing */ = {
			isa = PBXNativeTarget;
			buildConfigurationList = D18F8688285BDDB700819416 /* Build configuration list for PBXNativeTarget "RayTracing" */;
			buildPhases = (
				D18F8674285BDDB700819416 /* Sources */,
				D18F8675285BDDB700819416 /* Frameworks */,
				D18F8676285BDDB700819416 /* Resources */,
			);
			buildRules = (
			);
			dependencies = (
				D18F8692285BDE1800819416 /* PBXTargetDependency */,
			);
			name = RayTracing;
			productName = RayTracing;
			productReference = D18F8678285BDDB700819416 /* RayTracing.app */;
			productType = "com.apple.product-type.application";
		};
		DC8CB46C2858D8310016FC5F /* Walnut */ = {
			isa = PBXNativeTarget;
			buildConfigurationList = DC8CB46F2858D8310016FC5F /* Build configuration list for PBXNativeTarget "Walnut" */;
			buildPhases = (
				DC8CB4692858D8310016FC5F /* Headers */,
				DC8CB46A2858D8310016FC5F /* Sources */,
				DC8CB46B2858D8310016FC5F /* Frameworks */,
			);
			buildRules = (
			);
			dependencies = (
			);
			name = Walnut;
			productName = Walnut;
			productReference = DC8CB46D2858D8310016FC5F /* libWalnut.a */;
			productType = "com.apple.product-type.library.static";
		};
		DC8CB4762858D8AA0016FC5F /* WalnutApp */ = {
			isa = PBXNativeTarget;
			buildConfigurationList = DC8CB4872858D8B00016FC5F /* Build configuration list for PBXNativeTarget "WalnutApp" */;
			buildPhases = (
				DC8CB4732858D8AA0016FC5F /* Sources */,
				DC8CB4742858D8AA0016FC5F /* Frameworks */,
				DC8CB4752858D8AA0016FC5F /* Resources */,
			);
			buildRules = (
			);
			dependencies = (
				DC8CB4A0285908150016FC5F /* PBXTargetDependency */,
			);
			name = WalnutApp;
			productName = WalnutApp;
			productReference = DC8CB4772858D8AA0016FC5F /* WalnutApp.app */;
			productType = "com.apple.product-type.application";
		};
/* End PBXNativeTarget section */

/* Begin PBXProject section */
		DC8CB4632858D80A0016FC5F /* Project object */ = {
			isa = PBXProject;
			attributes = {
				BuildIndependentTargetsInParallel = 1;
				LastUpgradeCheck = 1340;
				TargetAttributes = {
					D18F8677285BDDB700819416 = {
						CreatedOnToolsVersion = 13.4.1;
					};
					DC8CB46C2858D8310016FC5F = {
						CreatedOnToolsVersion = 13.4.1;
					};
					DC8CB4762858D8AA0016FC5F = {
						CreatedOnToolsVersion = 13.4.1;
					};
				};
			};
			buildConfigurationList = DC8CB4662858D80A0016FC5F /* Build configuration list for PBXProject "Walnut" */;
			compatibilityVersion = "Xcode 13.0";
			developmentRegion = en;
			hasScannedForEncodings = 0;
			knownRegions = (
				en,
				Base,
			);
			mainGroup = DC8CB4622858D80A0016FC5F;
			productRefGroup = DC8CB46E2858D8310016FC5F /* Products */;
			projectDirPath = "";
			projectRoot = "";
			targets = (
				DC8CB46C2858D8310016FC5F /* Walnut */,
				DC8CB4762858D8AA0016FC5F /* WalnutApp */,
				D18F8677285BDDB700819416 /* RayTracing */,
			);
		};
/* End PBXProject section */

/* Begin PBXResourcesBuildPhase section */
		D18F8676285BDDB700819416 /* Resources */ = {
			isa = PBXResourcesBuildPhase;
			buildActionMask = 2147483647;
			files = (
			);
			runOnlyForDeploymentPostprocessing = 0;
		};
		DC8CB4752858D8AA0016FC5F /* Resources */ = {
			isa = PBXResourcesBuildPhase;
			buildActionMask = 2147483647;
			files = (
			);
			runOnlyForDeploymentPostprocessing = 0;
		};
/* End PBXResourcesBuildPhase section */

/* Begin PBXSourcesBuildPhase section */
		D18F8674285BDDB700819416 /* Sources */ = {
			isa = PBXSourcesBuildPhase;
			buildActionMask = 2147483647;
			files = (
				DCBF602C2869D4F000BAB560 /* Renderer.cpp in Sources */,
				D18F868C285BDDDB00819416 /* WalnutApp.cpp in Sources */,
			);
			runOnlyForDeploymentPostprocessing = 0;
		};
		DC8CB46A2858D8310016FC5F /* Sources */ = {
			isa = PBXSourcesBuildPhase;
			buildActionMask = 2147483647;
			files = (
				DC8CB4942858FC130016FC5F /* Application.cpp in Sources */,
				DC8CB4AA285918270016FC5F /* imgui.cpp in Sources */,
				DC8B6999285B6F1300DB13EF /* MetalCpp.cpp in Sources */,
				DC8CB4A9285918230016FC5F /* imgui_impl_osx.mm in Sources */,
				DC8CB4B22859187F0016FC5F /* imgui_widgets.cpp in Sources */,
				DC8CB4B02859187F0016FC5F /* imgui_draw.cpp in Sources */,
				DC8CB4A8285918200016FC5F /* imgui_impl_metal.mm in Sources */,
				D18F8698285BDE7600819416 /* Random.cpp in Sources */,
				DC8CB4B12859187F0016FC5F /* imgui_demo.cpp in Sources */,
				DC8CB4AF2859187F0016FC5F /* imgui_tables.cpp in Sources */,
				D18F8668285BD56F00819416 /* Image.cpp in Sources */,
			);
			runOnlyForDeploymentPostprocessing = 0;
		};
		DC8CB4732858D8AA0016FC5F /* Sources */ = {
			isa = PBXSourcesBuildPhase;
			buildActionMask = 2147483647;
			files = (
				DC8CB496285905E60016FC5F /* WalnutApp.cpp in Sources */,
			);
			runOnlyForDeploymentPostprocessing = 0;
		};
/* End PBXSourcesBuildPhase section */

/* Begin PBXTargetDependency section */
		D18F8692285BDE1800819416 /* PBXTargetDependency */ = {
			isa = PBXTargetDependency;
			target = DC8CB46C2858D8310016FC5F /* Walnut */;
			targetProxy = D18F8691285BDE1800819416 /* PBXContainerItemProxy */;
		};
		DC8CB4A0285908150016FC5F /* PBXTargetDependency */ = {
			isa = PBXTargetDependency;
			target = DC8CB46C2858D8310016FC5F /* Walnut */;
			targetProxy = DC8CB49F285908150016FC5F /* PBXContainerItemProxy */;
		};
/* End PBXTargetDependency section */

/* Begin XCBuildConfiguration section */
		D18F8689285BDDB700819416 /* Debug */ = {
			isa = XCBuildConfiguration;
			buildSettings = {
				ALWAYS_SEARCH_USER_PATHS = NO;
				ASSETCATALOG_COMPILER_APPICON_NAME = AppIcon;
				ASSETCATALOG_COMPILER_GLOBAL_ACCENT_COLOR_NAME = AccentColor;
				CLANG_ANALYZER_NONNULL = YES;
				CLANG_ANALYZER_NUMBER_OBJECT_CONVERSION = YES_AGGRESSIVE;
				CLANG_CXX_LANGUAGE_STANDARD = "gnu++17";
				CLANG_ENABLE_MODULES = YES;
				CLANG_ENABLE_OBJC_ARC = YES;
				CLANG_ENABLE_OBJC_WEAK = YES;
				CLANG_WARN_BLOCK_CAPTURE_AUTORELEASING = YES;
				CLANG_WARN_BOOL_CONVERSION = YES;
				CLANG_WARN_COMMA = YES;
				CLANG_WARN_CONSTANT_CONVERSION = YES;
				CLANG_WARN_DEPRECATED_OBJC_IMPLEMENTATIONS = YES;
				CLANG_WARN_DIRECT_OBJC_ISA_USAGE = YES_ERROR;
				CLANG_WARN_DOCUMENTATION_COMMENTS = YES;
				CLANG_WARN_EMPTY_BODY = YES;
				CLANG_WARN_ENUM_CONVERSION = YES;
				CLANG_WARN_INFINITE_RECURSION = YES;
				CLANG_WARN_INT_CONVERSION = YES;
				CLANG_WARN_NON_LITERAL_NULL_CONVERSION = YES;
				CLANG_WARN_OBJC_IMPLICIT_RETAIN_SELF = YES;
				CLANG_WARN_OBJC_LITERAL_CONVERSION = YES;
				CLANG_WARN_OBJC_ROOT_CLASS = YES_ERROR;
				CLANG_WARN_QUOTED_INCLUDE_IN_FRAMEWORK_HEADER = YES;
				CLANG_WARN_RANGE_LOOP_ANALYSIS = YES;
				CLANG_WARN_STRICT_PROTOTYPES = YES;
				CLANG_WARN_SUSPICIOUS_MOVE = YES;
				CLANG_WARN_UNGUARDED_AVAILABILITY = YES_AGGRESSIVE;
				CLANG_WARN_UNREACHABLE_CODE = YES;
				CLANG_WARN__DUPLICATE_METHOD_MATCH = YES;
				CODE_SIGN_ENTITLEMENTS = RayTracing/RayTracing.entitlements;
				CODE_SIGN_STYLE = Automatic;
				COMBINE_HIDPI_IMAGES = YES;
				COPY_PHASE_STRIP = NO;
				CURRENT_PROJECT_VERSION = 1;
				DEBUG_INFORMATION_FORMAT = dwarf;
				DEVELOPMENT_TEAM = GE3GZ86XX9;
				ENABLE_HARDENED_RUNTIME = YES;
				ENABLE_STRICT_OBJC_MSGSEND = YES;
				ENABLE_TESTABILITY = YES;
				GCC_C_LANGUAGE_STANDARD = gnu11;
				GCC_DYNAMIC_NO_PIC = NO;
				GCC_NO_COMMON_BLOCKS = YES;
				GCC_OPTIMIZATION_LEVEL = 0;
				GCC_PREPROCESSOR_DEFINITIONS = (
					"DEBUG=1",
					"$(inherited)",
				);
				GCC_WARN_64_TO_32_BIT_CONVERSION = YES;
				GCC_WARN_ABOUT_RETURN_TYPE = YES_ERROR;
				GCC_WARN_UNDECLARED_SELECTOR = YES;
				GCC_WARN_UNINITIALIZED_AUTOS = YES_AGGRESSIVE;
				GCC_WARN_UNUSED_FUNCTION = YES;
				GCC_WARN_UNUSED_VARIABLE = YES;
				GENERATE_INFOPLIST_FILE = YES;
				HEADER_SEARCH_PATHS = (
					"$(SRCROOT)",
					"$(SRCROOT)/Third-Party/glm",
					"$(SRCROOT)/Third-Party/imgui",
					"$(SRCROOT)/Third-Party/metal-cpp",
					"$(SRCROOT)/Third-Party/metal-cpp-extensions",
				);
				INFOPLIST_FILE = RayTracing/Info.plist;
				INFOPLIST_KEY_NSHumanReadableCopyright = "";
				INFOPLIST_KEY_NSMainStoryboardFile = Main;
				INFOPLIST_KEY_NSPrincipalClass = NSApplication;
				LD_RUNPATH_SEARCH_PATHS = (
					"$(inherited)",
					"@executable_path/../Frameworks",
				);
				MACOSX_DEPLOYMENT_TARGET = 12.3;
				MARKETING_VERSION = 1.0;
				MTL_ENABLE_DEBUG_INFO = INCLUDE_SOURCE;
				MTL_FAST_MATH = YES;
				ONLY_ACTIVE_ARCH = YES;
				PRODUCT_BUNDLE_IDENTIFIER = us.gerstacker.RayTracing;
				PRODUCT_NAME = "$(TARGET_NAME)";
				SDKROOT = macosx;
				SWIFT_EMIT_LOC_STRINGS = YES;
			};
			name = Debug;
		};
		D18F868A285BDDB700819416 /* Release */ = {
			isa = XCBuildConfiguration;
			buildSettings = {
				ALWAYS_SEARCH_USER_PATHS = NO;
				ASSETCATALOG_COMPILER_APPICON_NAME = AppIcon;
				ASSETCATALOG_COMPILER_GLOBAL_ACCENT_COLOR_NAME = AccentColor;
				CLANG_ANALYZER_NONNULL = YES;
				CLANG_ANALYZER_NUMBER_OBJECT_CONVERSION = YES_AGGRESSIVE;
				CLANG_CXX_LANGUAGE_STANDARD = "gnu++17";
				CLANG_ENABLE_MODULES = YES;
				CLANG_ENABLE_OBJC_ARC = YES;
				CLANG_ENABLE_OBJC_WEAK = YES;
				CLANG_WARN_BLOCK_CAPTURE_AUTORELEASING = YES;
				CLANG_WARN_BOOL_CONVERSION = YES;
				CLANG_WARN_COMMA = YES;
				CLANG_WARN_CONSTANT_CONVERSION = YES;
				CLANG_WARN_DEPRECATED_OBJC_IMPLEMENTATIONS = YES;
				CLANG_WARN_DIRECT_OBJC_ISA_USAGE = YES_ERROR;
				CLANG_WARN_DOCUMENTATION_COMMENTS = YES;
				CLANG_WARN_EMPTY_BODY = YES;
				CLANG_WARN_ENUM_CONVERSION = YES;
				CLANG_WARN_INFINITE_RECURSION = YES;
				CLANG_WARN_INT_CONVERSION = YES;
				CLANG_WARN_NON_LITERAL_NULL_CONVERSION = YES;
				CLANG_WARN_OBJC_IMPLICIT_RETAIN_SELF = YES;
				CLANG_WARN_OBJC_LITERAL_CONVERSION = YES;
				CLANG_WARN_OBJC_ROOT_CLASS = YES_ERROR;
				CLANG_WARN_QUOTED_INCLUDE_IN_FRAMEWORK_HEADER = YES;
				CLANG_WARN_RANGE_LOOP_ANALYSIS = YES;
				CLANG_WARN_STRICT_PROTOTYPES = YES;
				CLANG_WARN_SUSPICIOUS_MOVE = YES;
				CLANG_WARN_UNGUARDED_AVAILABILITY = YES_AGGRESSIVE;
				CLANG_WARN_UNREACHABLE_CODE = YES;
				CLANG_WARN__DUPLICATE_METHOD_MATCH = YES;
				CODE_SIGN_ENTITLEMENTS = RayTracing/RayTracing.entitlements;
				CODE_SIGN_STYLE = Automatic;
				COMBINE_HIDPI_IMAGES = YES;
				COPY_PHASE_STRIP = NO;
				CURRENT_PROJECT_VERSION = 1;
				DEBUG_INFORMATION_FORMAT = "dwarf-with-dsym";
				DEVELOPMENT_TEAM = GE3GZ86XX9;
				ENABLE_HARDENED_RUNTIME = YES;
				ENABLE_NS_ASSERTIONS = NO;
				ENABLE_STRICT_OBJC_MSGSEND = YES;
				GCC_C_LANGUAGE_STANDARD = gnu11;
				GCC_NO_COMMON_BLOCKS = YES;
				GCC_WARN_64_TO_32_BIT_CONVERSION = YES;
				GCC_WARN_ABOUT_RETURN_TYPE = YES_ERROR;
				GCC_WARN_UNDECLARED_SELECTOR = YES;
				GCC_WARN_UNINITIALIZED_AUTOS = YES_AGGRESSIVE;
				GCC_WARN_UNUSED_FUNCTION = YES;
				GCC_WARN_UNUSED_VARIABLE = YES;
				GENERATE_INFOPLIST_FILE = YES;
				HEADER_SEARCH_PATHS = (
					"$(SRCROOT)",
					"$(SRCROOT)/Third-Party/glm",
					"$(SRCROOT)/Third-Party/imgui",
					"$(SRCROOT)/Third-Party/metal-cpp",
					"$(SRCROOT)/Third-Party/metal-cpp-extensions",
				);
				INFOPLIST_FILE = RayTracing/Info.plist;
				INFOPLIST_KEY_NSHumanReadableCopyright = "";
				INFOPLIST_KEY_NSMainStoryboardFile = Main;
				INFOPLIST_KEY_NSPrincipalClass = NSApplication;
				LD_RUNPATH_SEARCH_PATHS = (
					"$(inherited)",
					"@executable_path/../Frameworks",
				);
				MACOSX_DEPLOYMENT_TARGET = 12.3;
				MARKETING_VERSION = 1.0;
				MTL_ENABLE_DEBUG_INFO = NO;
				MTL_FAST_MATH = YES;
				PRODUCT_BUNDLE_IDENTIFIER = us.gerstacker.RayTracing;
				PRODUCT_NAME = "$(TARGET_NAME)";
				SDKROOT = macosx;
				SWIFT_EMIT_LOC_STRINGS = YES;
			};
			name = Release;
		};
		DC8CB4672858D80A0016FC5F /* Debug */ = {
			isa = XCBuildConfiguration;
			buildSettings = {
			};
			name = Debug;
		};
		DC8CB4682858D80A0016FC5F /* Release */ = {
			isa = XCBuildConfiguration;
			buildSettings = {
			};
			name = Release;
		};
		DC8CB4702858D8310016FC5F /* Debug */ = {
			isa = XCBuildConfiguration;
			buildSettings = {
				ALWAYS_SEARCH_USER_PATHS = NO;
				CLANG_ANALYZER_NONNULL = YES;
				CLANG_ANALYZER_NUMBER_OBJECT_CONVERSION = YES_AGGRESSIVE;
				CLANG_CXX_LANGUAGE_STANDARD = "c++17";
				CLANG_ENABLE_MODULES = YES;
				CLANG_ENABLE_OBJC_ARC = YES;
				CLANG_ENABLE_OBJC_WEAK = YES;
				CLANG_WARN_BLOCK_CAPTURE_AUTORELEASING = YES;
				CLANG_WARN_BOOL_CONVERSION = YES;
				CLANG_WARN_COMMA = YES;
				CLANG_WARN_CONSTANT_CONVERSION = YES;
				CLANG_WARN_DEPRECATED_OBJC_IMPLEMENTATIONS = YES;
				CLANG_WARN_DIRECT_OBJC_ISA_USAGE = YES_ERROR;
				CLANG_WARN_DOCUMENTATION_COMMENTS = YES;
				CLANG_WARN_EMPTY_BODY = YES;
				CLANG_WARN_ENUM_CONVERSION = YES;
				CLANG_WARN_INFINITE_RECURSION = YES;
				CLANG_WARN_INT_CONVERSION = YES;
				CLANG_WARN_NON_LITERAL_NULL_CONVERSION = YES;
				CLANG_WARN_OBJC_IMPLICIT_RETAIN_SELF = YES;
				CLANG_WARN_OBJC_LITERAL_CONVERSION = YES;
				CLANG_WARN_OBJC_ROOT_CLASS = YES_ERROR;
				CLANG_WARN_QUOTED_INCLUDE_IN_FRAMEWORK_HEADER = YES;
				CLANG_WARN_RANGE_LOOP_ANALYSIS = YES;
				CLANG_WARN_STRICT_PROTOTYPES = YES;
				CLANG_WARN_SUSPICIOUS_MOVE = YES;
				CLANG_WARN_UNGUARDED_AVAILABILITY = YES_AGGRESSIVE;
				CLANG_WARN_UNREACHABLE_CODE = YES;
				CLANG_WARN__DUPLICATE_METHOD_MATCH = YES;
				CODE_SIGN_STYLE = Automatic;
				COPY_PHASE_STRIP = NO;
				DEBUG_INFORMATION_FORMAT = dwarf;
				DEVELOPMENT_TEAM = GE3GZ86XX9;
				ENABLE_STRICT_OBJC_MSGSEND = YES;
				ENABLE_TESTABILITY = YES;
				EXECUTABLE_PREFIX = lib;
				GCC_C_LANGUAGE_STANDARD = gnu11;
				GCC_DYNAMIC_NO_PIC = NO;
				GCC_NO_COMMON_BLOCKS = YES;
				GCC_OPTIMIZATION_LEVEL = 0;
				GCC_PREPROCESSOR_DEFINITIONS = (
					"DEBUG=1",
					"IMGUI_IMPL_METAL_CPP=1",
					"IMGUI_IMPL_METAL_CPP_EXTENSIONS=1",
					"$(inherited)",
				);
				GCC_WARN_64_TO_32_BIT_CONVERSION = YES;
				GCC_WARN_ABOUT_RETURN_TYPE = YES_ERROR;
				GCC_WARN_UNDECLARED_SELECTOR = YES;
				GCC_WARN_UNINITIALIZED_AUTOS = YES_AGGRESSIVE;
				GCC_WARN_UNUSED_FUNCTION = YES;
				GCC_WARN_UNUSED_VARIABLE = YES;
				HEADER_SEARCH_PATHS = (
					"$(SRCROOT)/Third-Party/glm",
					"$(SRCROOT)/Third-Party/imgui",
					"$(SRCROOT)/Third-Party/metal-cpp",
					"$(SRCROOT)/Third-Party/metal-cpp-extensions",
					"$(SRCROOT)/Third-Party/stb",
				);
				MACOSX_DEPLOYMENT_TARGET = 12.3;
				MTL_ENABLE_DEBUG_INFO = INCLUDE_SOURCE;
				MTL_FAST_MATH = YES;
				ONLY_ACTIVE_ARCH = YES;
				PRODUCT_NAME = "$(TARGET_NAME)";
				SDKROOT = macosx;
				SKIP_INSTALL = YES;
			};
			name = Debug;
		};
		DC8CB4712858D8310016FC5F /* Release */ = {
			isa = XCBuildConfiguration;
			buildSettings = {
				ALWAYS_SEARCH_USER_PATHS = NO;
				CLANG_ANALYZER_NONNULL = YES;
				CLANG_ANALYZER_NUMBER_OBJECT_CONVERSION = YES_AGGRESSIVE;
				CLANG_CXX_LANGUAGE_STANDARD = "c++17";
				CLANG_ENABLE_MODULES = YES;
				CLANG_ENABLE_OBJC_ARC = YES;
				CLANG_ENABLE_OBJC_WEAK = YES;
				CLANG_WARN_BLOCK_CAPTURE_AUTORELEASING = YES;
				CLANG_WARN_BOOL_CONVERSION = YES;
				CLANG_WARN_COMMA = YES;
				CLANG_WARN_CONSTANT_CONVERSION = YES;
				CLANG_WARN_DEPRECATED_OBJC_IMPLEMENTATIONS = YES;
				CLANG_WARN_DIRECT_OBJC_ISA_USAGE = YES_ERROR;
				CLANG_WARN_DOCUMENTATION_COMMENTS = YES;
				CLANG_WARN_EMPTY_BODY = YES;
				CLANG_WARN_ENUM_CONVERSION = YES;
				CLANG_WARN_INFINITE_RECURSION = YES;
				CLANG_WARN_INT_CONVERSION = YES;
				CLANG_WARN_NON_LITERAL_NULL_CONVERSION = YES;
				CLANG_WARN_OBJC_IMPLICIT_RETAIN_SELF = YES;
				CLANG_WARN_OBJC_LITERAL_CONVERSION = YES;
				CLANG_WARN_OBJC_ROOT_CLASS = YES_ERROR;
				CLANG_WARN_QUOTED_INCLUDE_IN_FRAMEWORK_HEADER = YES;
				CLANG_WARN_RANGE_LOOP_ANALYSIS = YES;
				CLANG_WARN_STRICT_PROTOTYPES = YES;
				CLANG_WARN_SUSPICIOUS_MOVE = YES;
				CLANG_WARN_UNGUARDED_AVAILABILITY = YES_AGGRESSIVE;
				CLANG_WARN_UNREACHABLE_CODE = YES;
				CLANG_WARN__DUPLICATE_METHOD_MATCH = YES;
				CODE_SIGN_STYLE = Automatic;
				COPY_PHASE_STRIP = NO;
				DEBUG_INFORMATION_FORMAT = "dwarf-with-dsym";
				DEVELOPMENT_TEAM = GE3GZ86XX9;
				ENABLE_NS_ASSERTIONS = NO;
				ENABLE_STRICT_OBJC_MSGSEND = YES;
				EXECUTABLE_PREFIX = lib;
				GCC_C_LANGUAGE_STANDARD = gnu11;
				GCC_NO_COMMON_BLOCKS = YES;
				GCC_PREPROCESSOR_DEFINITIONS = (
					"IMGUI_IMPL_METAL_CPP=1",
					"IMGUI_IMPL_METAL_CPP_EXTENSIONS=1",
				);
				GCC_WARN_64_TO_32_BIT_CONVERSION = YES;
				GCC_WARN_ABOUT_RETURN_TYPE = YES_ERROR;
				GCC_WARN_UNDECLARED_SELECTOR = YES;
				GCC_WARN_UNINITIALIZED_AUTOS = YES_AGGRESSIVE;
				GCC_WARN_UNUSED_FUNCTION = YES;
				GCC_WARN_UNUSED_VARIABLE = YES;
				HEADER_SEARCH_PATHS = (
					"$(SRCROOT)/Third-Party/glm",
					"$(SRCROOT)/Third-Party/imgui",
					"$(SRCROOT)/Third-Party/metal-cpp",
					"$(SRCROOT)/Third-Party/metal-cpp-extensions",
					"$(SRCROOT)/Third-Party/stb",
				);
				MACOSX_DEPLOYMENT_TARGET = 12.3;
				MTL_ENABLE_DEBUG_INFO = NO;
				MTL_FAST_MATH = YES;
				PRODUCT_NAME = "$(TARGET_NAME)";
				SDKROOT = macosx;
				SKIP_INSTALL = YES;
			};
			name = Release;
		};
		DC8CB4882858D8B00016FC5F /* Debug */ = {
			isa = XCBuildConfiguration;
			buildSettings = {
				ALWAYS_SEARCH_USER_PATHS = NO;
				ASSETCATALOG_COMPILER_APPICON_NAME = AppIcon;
				ASSETCATALOG_COMPILER_GLOBAL_ACCENT_COLOR_NAME = AccentColor;
				CLANG_ANALYZER_NONNULL = YES;
				CLANG_ANALYZER_NUMBER_OBJECT_CONVERSION = YES_AGGRESSIVE;
				CLANG_CXX_LANGUAGE_STANDARD = "c++17";
				CLANG_ENABLE_MODULES = YES;
				CLANG_ENABLE_OBJC_ARC = YES;
				CLANG_ENABLE_OBJC_WEAK = YES;
				CLANG_WARN_BLOCK_CAPTURE_AUTORELEASING = YES;
				CLANG_WARN_BOOL_CONVERSION = YES;
				CLANG_WARN_COMMA = YES;
				CLANG_WARN_CONSTANT_CONVERSION = YES;
				CLANG_WARN_DEPRECATED_OBJC_IMPLEMENTATIONS = YES;
				CLANG_WARN_DIRECT_OBJC_ISA_USAGE = YES_ERROR;
				CLANG_WARN_DOCUMENTATION_COMMENTS = YES;
				CLANG_WARN_EMPTY_BODY = YES;
				CLANG_WARN_ENUM_CONVERSION = YES;
				CLANG_WARN_INFINITE_RECURSION = YES;
				CLANG_WARN_INT_CONVERSION = YES;
				CLANG_WARN_NON_LITERAL_NULL_CONVERSION = YES;
				CLANG_WARN_OBJC_IMPLICIT_RETAIN_SELF = YES;
				CLANG_WARN_OBJC_LITERAL_CONVERSION = YES;
				CLANG_WARN_OBJC_ROOT_CLASS = YES_ERROR;
				CLANG_WARN_QUOTED_INCLUDE_IN_FRAMEWORK_HEADER = YES;
				CLANG_WARN_RANGE_LOOP_ANALYSIS = YES;
				CLANG_WARN_STRICT_PROTOTYPES = YES;
				CLANG_WARN_SUSPICIOUS_MOVE = YES;
				CLANG_WARN_UNGUARDED_AVAILABILITY = YES_AGGRESSIVE;
				CLANG_WARN_UNREACHABLE_CODE = YES;
				CLANG_WARN__DUPLICATE_METHOD_MATCH = YES;
				CODE_SIGN_ENTITLEMENTS = WalnutApp/WalnutApp.entitlements;
				CODE_SIGN_STYLE = Automatic;
				COMBINE_HIDPI_IMAGES = YES;
				COPY_PHASE_STRIP = NO;
				CURRENT_PROJECT_VERSION = 1;
				DEBUG_INFORMATION_FORMAT = dwarf;
				DEVELOPMENT_TEAM = GE3GZ86XX9;
				ENABLE_HARDENED_RUNTIME = YES;
				ENABLE_STRICT_OBJC_MSGSEND = YES;
				ENABLE_TESTABILITY = YES;
				GCC_C_LANGUAGE_STANDARD = gnu11;
				GCC_DYNAMIC_NO_PIC = NO;
				GCC_NO_COMMON_BLOCKS = YES;
				GCC_OPTIMIZATION_LEVEL = 0;
				GCC_PREPROCESSOR_DEFINITIONS = (
					"DEBUG=1",
					"$(inherited)",
				);
				GCC_WARN_64_TO_32_BIT_CONVERSION = YES;
				GCC_WARN_ABOUT_RETURN_TYPE = YES_ERROR;
				GCC_WARN_UNDECLARED_SELECTOR = YES;
				GCC_WARN_UNINITIALIZED_AUTOS = YES_AGGRESSIVE;
				GCC_WARN_UNUSED_FUNCTION = YES;
				GCC_WARN_UNUSED_VARIABLE = YES;
				GENERATE_INFOPLIST_FILE = YES;
				HEADER_SEARCH_PATHS = (
					"$(SRCROOT)",
					"$(SRCROOT)/Third-Party/imgui",
					"$(SRCROOT)/Third-Party/metal-cpp",
					"$(SRCROOT)/Third-Party/metal-cpp-extensions",
				);
				INFOPLIST_KEY_NSHumanReadableCopyright = "";
				INFOPLIST_KEY_NSMainStoryboardFile = Main;
				INFOPLIST_KEY_NSPrincipalClass = NSApplication;
				LD_RUNPATH_SEARCH_PATHS = (
					"$(inherited)",
					"@executable_path/../Frameworks",
				);
				MACOSX_DEPLOYMENT_TARGET = 12.3;
				MARKETING_VERSION = 1.0;
				MTL_ENABLE_DEBUG_INFO = INCLUDE_SOURCE;
				MTL_FAST_MATH = YES;
				ONLY_ACTIVE_ARCH = YES;
				PRODUCT_BUNDLE_IDENTIFIER = us.gerstacker.WalnutApp;
				PRODUCT_NAME = "$(TARGET_NAME)";
				SDKROOT = macosx;
				SWIFT_EMIT_LOC_STRINGS = YES;
			};
			name = Debug;
		};
		DC8CB4892858D8B00016FC5F /* Release */ = {
			isa = XCBuildConfiguration;
			buildSettings = {
				ALWAYS_SEARCH_USER_PATHS = NO;
				ASSETCATALOG_COMPILER_APPICON_NAME = AppIcon;
				ASSETCATALOG_COMPILER_GLOBAL_ACCENT_COLOR_NAME = AccentColor;
				CLANG_ANALYZER_NONNULL = YES;
				CLANG_ANALYZER_NUMBER_OBJECT_CONVERSION = YES_AGGRESSIVE;
				CLANG_CXX_LANGUAGE_STANDARD = "c++17";
				CLANG_ENABLE_MODULES = YES;
				CLANG_ENABLE_OBJC_ARC = YES;
				CLANG_ENABLE_OBJC_WEAK = YES;
				CLANG_WARN_BLOCK_CAPTURE_AUTORELEASING = YES;
				CLANG_WARN_BOOL_CONVERSION = YES;
				CLANG_WARN_COMMA = YES;
				CLANG_WARN_CONSTANT_CONVERSION = YES;
				CLANG_WARN_DEPRECATED_OBJC_IMPLEMENTATIONS = YES;
				CLANG_WARN_DIRECT_OBJC_ISA_USAGE = YES_ERROR;
				CLANG_WARN_DOCUMENTATION_COMMENTS = YES;
				CLANG_WARN_EMPTY_BODY = YES;
				CLANG_WARN_ENUM_CONVERSION = YES;
				CLANG_WARN_INFINITE_RECURSION = YES;
				CLANG_WARN_INT_CONVERSION = YES;
				CLANG_WARN_NON_LITERAL_NULL_CONVERSION = YES;
				CLANG_WARN_OBJC_IMPLICIT_RETAIN_SELF = YES;
				CLANG_WARN_OBJC_LITERAL_CONVERSION = YES;
				CLANG_WARN_OBJC_ROOT_CLASS = YES_ERROR;
				CLANG_WARN_QUOTED_INCLUDE_IN_FRAMEWORK_HEADER = YES;
				CLANG_WARN_RANGE_LOOP_ANALYSIS = YES;
				CLANG_WARN_STRICT_PROTOTYPES = YES;
				CLANG_WARN_SUSPICIOUS_MOVE = YES;
				CLANG_WARN_UNGUARDED_AVAILABILITY = YES_AGGRESSIVE;
				CLANG_WARN_UNREACHABLE_CODE = YES;
				CLANG_WARN__DUPLICATE_METHOD_MATCH = YES;
				CODE_SIGN_ENTITLEMENTS = WalnutApp/WalnutApp.entitlements;
				CODE_SIGN_STYLE = Automatic;
				COMBINE_HIDPI_IMAGES = YES;
				COPY_PHASE_STRIP = NO;
				CURRENT_PROJECT_VERSION = 1;
				DEBUG_INFORMATION_FORMAT = "dwarf-with-dsym";
				DEVELOPMENT_TEAM = GE3GZ86XX9;
				ENABLE_HARDENED_RUNTIME = YES;
				ENABLE_NS_ASSERTIONS = NO;
				ENABLE_STRICT_OBJC_MSGSEND = YES;
				GCC_C_LANGUAGE_STANDARD = gnu11;
				GCC_NO_COMMON_BLOCKS = YES;
				GCC_WARN_64_TO_32_BIT_CONVERSION = YES;
				GCC_WARN_ABOUT_RETURN_TYPE = YES_ERROR;
				GCC_WARN_UNDECLARED_SELECTOR = YES;
				GCC_WARN_UNINITIALIZED_AUTOS = YES_AGGRESSIVE;
				GCC_WARN_UNUSED_FUNCTION = YES;
				GCC_WARN_UNUSED_VARIABLE = YES;
				GENERATE_INFOPLIST_FILE = YES;
				HEADER_SEARCH_PATHS = (
					"$(SRCROOT)",
					"$(SRCROOT)/Third-Party/imgui",
					"$(SRCROOT)/Third-Party/metal-cpp",
					"$(SRCROOT)/Third-Party/metal-cpp-extensions",
				);
				INFOPLIST_KEY_NSHumanReadableCopyright = "";
				INFOPLIST_KEY_NSMainStoryboardFile = Main;
				INFOPLIST_KEY_NSPrincipalClass = NSApplication;
				LD_RUNPATH_SEARCH_PATHS = (
					"$(inherited)",
					"@executable_path/../Frameworks",
				);
				MACOSX_DEPLOYMENT_TARGET = 12.3;
				MARKETING_VERSION = 1.0;
				MTL_ENABLE_DEBUG_INFO = NO;
				MTL_FAST_MATH = YES;
				PRODUCT_BUNDLE_IDENTIFIER = us.gerstacker.WalnutApp;
				PRODUCT_NAME = "$(TARGET_NAME)";
				SDKROOT = macosx;
				SWIFT_EMIT_LOC_STRINGS = YES;
			};
			name = Release;
		};
/* End XCBuildConfiguration section */

/* Begin XCConfigurationList section */
		D18F8688285BDDB700819416 /* Build configuration list for PBXNativeTarget "RayTracing" */ = {
			isa = XCConfigurationList;
			buildConfigurations = (
				D18F8689285BDDB700819416 /* Debug */,
				D18F868A285BDDB700819416 /* Release */,
			);
			defaultConfigurationIsVisible = 0;
			defaultConfigurationName = Release;
		};
		DC8CB4662858D80A0016FC5F /* Build configuration list for PBXProject "Walnut" */ = {
			isa = XCConfigurationList;
			buildConfigurations = (
				DC8CB4672858D80A0016FC5F /* Debug */,
				DC8CB4682858D80A0016FC5F /* Release */,
			);
			defaultConfigurationIsVisible = 0;
			defaultConfigurationName = Release;
		};
		DC8CB46F2858D8310016FC5F /* Build configuration list for PBXNativeTarget "Walnut" */ = {
			isa = XCConfigurationList;
			buildConfigurations = (
				DC8CB4702858D8310016FC5F /* Debug */,
				DC8CB4712858D8310016FC5F /* Release */,
			);
			defaultConfigurationIsVisible = 0;
			defaultConfigurationName = Release;
		};
		DC8CB4872858D8B00016FC5F /* Build configuration list for PBXNativeTarget "WalnutApp" */ = {
			isa = XCConfigurationList;
			buildConfigurations = (
				DC8CB4882858D8B00016FC5F /* Debug */,
				DC8CB4892858D8B00016FC5F /* Release */,
			);
			defaultConfigurationIsVisible = 0;
			defaultConfigurationName = Release;
		};
/* End XCConfigurationList section */
	};
	rootObject = DC8CB4632858D80A0016FC5F /* Project object */;
}
