// !$*UTF8*$!
{
	archiveVersion = 1;
	classes = {
	};
	objectVersion = 55;
	objects = {

/* Begin PBXBuildFile section */
		DC8CB4942858FC130016FC5F /* Application.mm in Sources */ = {isa = PBXBuildFile; fileRef = DC8CB4932858FC130016FC5F /* Application.mm */; };
		DC8CB496285905E60016FC5F /* WalnutApp.cpp in Sources */ = {isa = PBXBuildFile; fileRef = DC8CB495285905E60016FC5F /* WalnutApp.cpp */; };
		DC8CB499285907F60016FC5F /* Foundation.framework in Frameworks */ = {isa = PBXBuildFile; fileRef = DC8CB498285907F60016FC5F /* Foundation.framework */; };
		DC8CB49C285907FE0016FC5F /* Metal.framework in Frameworks */ = {isa = PBXBuildFile; fileRef = DC8CB49A285907FE0016FC5F /* Metal.framework */; };
		DC8CB49D285907FE0016FC5F /* MetalKit.framework in Frameworks */ = {isa = PBXBuildFile; fileRef = DC8CB49B285907FE0016FC5F /* MetalKit.framework */; };
		DC8CB49E285908150016FC5F /* libWalnut.a in Frameworks */ = {isa = PBXBuildFile; fileRef = DC8CB46D2858D8310016FC5F /* libWalnut.a */; };
		DC8CB4A8285918200016FC5F /* imgui_impl_metal.mm in Sources */ = {isa = PBXBuildFile; fileRef = DC8CB4A6285918160016FC5F /* imgui_impl_metal.mm */; };
		DC8CB4A9285918230016FC5F /* imgui_impl_osx.mm in Sources */ = {isa = PBXBuildFile; fileRef = DC8CB4A7285918160016FC5F /* imgui_impl_osx.mm */; };
		DC8CB4AA285918270016FC5F /* imgui.cpp in Sources */ = {isa = PBXBuildFile; fileRef = DC8CB4A2285917FE0016FC5F /* imgui.cpp */; };
		DC8CB4AF2859187F0016FC5F /* imgui_tables.cpp in Sources */ = {isa = PBXBuildFile; fileRef = DC8CB4AB2859187F0016FC5F /* imgui_tables.cpp */; };
		DC8CB4B02859187F0016FC5F /* imgui_draw.cpp in Sources */ = {isa = PBXBuildFile; fileRef = DC8CB4AC2859187F0016FC5F /* imgui_draw.cpp */; };
		DC8CB4B12859187F0016FC5F /* imgui_demo.cpp in Sources */ = {isa = PBXBuildFile; fileRef = DC8CB4AD2859187F0016FC5F /* imgui_demo.cpp */; };
		DC8CB4B22859187F0016FC5F /* imgui_widgets.cpp in Sources */ = {isa = PBXBuildFile; fileRef = DC8CB4AE2859187F0016FC5F /* imgui_widgets.cpp */; };
		DC8CB4B42859189A0016FC5F /* QuartzCore.framework in Frameworks */ = {isa = PBXBuildFile; fileRef = DC8CB4B32859189A0016FC5F /* QuartzCore.framework */; };
		DC8CB4B6285918FC0016FC5F /* AppKit.framework in Frameworks */ = {isa = PBXBuildFile; fileRef = DC8CB4B5285918FC0016FC5F /* AppKit.framework */; };
		DC8CB4B8285919030016FC5F /* GameController.framework in Frameworks */ = {isa = PBXBuildFile; fileRef = DC8CB4B7285919030016FC5F /* GameController.framework */; };
/* End PBXBuildFile section */

/* Begin PBXContainerItemProxy section */
		DC8CB49F285908150016FC5F /* PBXContainerItemProxy */ = {
			isa = PBXContainerItemProxy;
			containerPortal = DC8CB4632858D80A0016FC5F /* Project object */;
			proxyType = 1;
			remoteGlobalIDString = DC8CB46C2858D8310016FC5F;
			remoteInfo = Walnut;
		};
/* End PBXContainerItemProxy section */

/* Begin PBXFileReference section */
		DC8CB46D2858D8310016FC5F /* libWalnut.a */ = {isa = PBXFileReference; explicitFileType = archive.ar; includeInIndex = 0; path = libWalnut.a; sourceTree = BUILT_PRODUCTS_DIR; };
		DC8CB4772858D8AA0016FC5F /* WalnutApp.app */ = {isa = PBXFileReference; explicitFileType = wrapper.application; includeInIndex = 0; path = WalnutApp.app; sourceTree = BUILT_PRODUCTS_DIR; };
		DC8CB4862858D8B00016FC5F /* WalnutApp.entitlements */ = {isa = PBXFileReference; lastKnownFileType = text.plist.entitlements; path = WalnutApp.entitlements; sourceTree = "<group>"; };
		DC8CB4902858F9610016FC5F /* EntryPoint.h */ = {isa = PBXFileReference; lastKnownFileType = sourcecode.c.h; path = EntryPoint.h; sourceTree = "<group>"; };
		DC8CB4912858FA3C0016FC5F /* Layer.h */ = {isa = PBXFileReference; lastKnownFileType = sourcecode.c.h; path = Layer.h; sourceTree = "<group>"; };
		DC8CB4922858FA8C0016FC5F /* Application.h */ = {isa = PBXFileReference; lastKnownFileType = sourcecode.c.h; path = Application.h; sourceTree = "<group>"; };
		DC8CB4932858FC130016FC5F /* Application.mm */ = {isa = PBXFileReference; lastKnownFileType = sourcecode.cpp.objcpp; path = Application.mm; sourceTree = "<group>"; };
		DC8CB495285905E60016FC5F /* WalnutApp.cpp */ = {isa = PBXFileReference; lastKnownFileType = sourcecode.cpp.cpp; path = WalnutApp.cpp; sourceTree = "<group>"; };
		DC8CB498285907F60016FC5F /* Foundation.framework */ = {isa = PBXFileReference; lastKnownFileType = wrapper.framework; name = Foundation.framework; path = System/Library/Frameworks/Foundation.framework; sourceTree = SDKROOT; };
		DC8CB49A285907FE0016FC5F /* Metal.framework */ = {isa = PBXFileReference; lastKnownFileType = wrapper.framework; name = Metal.framework; path = System/Library/Frameworks/Metal.framework; sourceTree = SDKROOT; };
		DC8CB49B285907FE0016FC5F /* MetalKit.framework */ = {isa = PBXFileReference; lastKnownFileType = wrapper.framework; name = MetalKit.framework; path = System/Library/Frameworks/MetalKit.framework; sourceTree = SDKROOT; };
		DC8CB4A2285917FE0016FC5F /* imgui.cpp */ = {isa = PBXFileReference; lastKnownFileType = sourcecode.cpp.cpp; name = imgui.cpp; path = "Third-Party/imgui/imgui.cpp"; sourceTree = "<group>"; };
		DC8CB4A3285917FE0016FC5F /* imgui.h */ = {isa = PBXFileReference; lastKnownFileType = sourcecode.c.h; name = imgui.h; path = "Third-Party/imgui/imgui.h"; sourceTree = "<group>"; };
		DC8CB4A4285918160016FC5F /* imgui_impl_osx.h */ = {isa = PBXFileReference; lastKnownFileType = sourcecode.c.h; name = imgui_impl_osx.h; path = "Third-Party/imgui/backends/imgui_impl_osx.h"; sourceTree = "<group>"; };
		DC8CB4A5285918160016FC5F /* imgui_impl_metal.h */ = {isa = PBXFileReference; lastKnownFileType = sourcecode.c.h; name = imgui_impl_metal.h; path = "Third-Party/imgui/backends/imgui_impl_metal.h"; sourceTree = "<group>"; };
		DC8CB4A6285918160016FC5F /* imgui_impl_metal.mm */ = {isa = PBXFileReference; lastKnownFileType = sourcecode.cpp.objcpp; name = imgui_impl_metal.mm; path = "Third-Party/imgui/backends/imgui_impl_metal.mm"; sourceTree = "<group>"; };
		DC8CB4A7285918160016FC5F /* imgui_impl_osx.mm */ = {isa = PBXFileReference; lastKnownFileType = sourcecode.cpp.objcpp; name = imgui_impl_osx.mm; path = "Third-Party/imgui/backends/imgui_impl_osx.mm"; sourceTree = "<group>"; };
		DC8CB4AB2859187F0016FC5F /* imgui_tables.cpp */ = {isa = PBXFileReference; fileEncoding = 4; lastKnownFileType = sourcecode.cpp.cpp; name = imgui_tables.cpp; path = "Third-Party/imgui/imgui_tables.cpp"; sourceTree = "<group>"; };
		DC8CB4AC2859187F0016FC5F /* imgui_draw.cpp */ = {isa = PBXFileReference; fileEncoding = 4; lastKnownFileType = sourcecode.cpp.cpp; name = imgui_draw.cpp; path = "Third-Party/imgui/imgui_draw.cpp"; sourceTree = "<group>"; };
		DC8CB4AD2859187F0016FC5F /* imgui_demo.cpp */ = {isa = PBXFileReference; fileEncoding = 4; lastKnownFileType = sourcecode.cpp.cpp; name = imgui_demo.cpp; path = "Third-Party/imgui/imgui_demo.cpp"; sourceTree = "<group>"; };
		DC8CB4AE2859187F0016FC5F /* imgui_widgets.cpp */ = {isa = PBXFileReference; fileEncoding = 4; lastKnownFileType = sourcecode.cpp.cpp; name = imgui_widgets.cpp; path = "Third-Party/imgui/imgui_widgets.cpp"; sourceTree = "<group>"; };
		DC8CB4B32859189A0016FC5F /* QuartzCore.framework */ = {isa = PBXFileReference; lastKnownFileType = wrapper.framework; name = QuartzCore.framework; path = System/Library/Frameworks/QuartzCore.framework; sourceTree = SDKROOT; };
		DC8CB4B5285918FC0016FC5F /* AppKit.framework */ = {isa = PBXFileReference; lastKnownFileType = wrapper.framework; name = AppKit.framework; path = System/Library/Frameworks/AppKit.framework; sourceTree = SDKROOT; };
		DC8CB4B7285919030016FC5F /* GameController.framework */ = {isa = PBXFileReference; lastKnownFileType = wrapper.framework; name = GameController.framework; path = System/Library/Frameworks/GameController.framework; sourceTree = SDKROOT; };
/* End PBXFileReference section */

/* Begin PBXFrameworksBuildPhase section */
		DC8CB46B2858D8310016FC5F /* Frameworks */ = {
			isa = PBXFrameworksBuildPhase;
			buildActionMask = 2147483647;
			files = (
			);
			runOnlyForDeploymentPostprocessing = 0;
		};
		DC8CB4742858D8AA0016FC5F /* Frameworks */ = {
			isa = PBXFrameworksBuildPhase;
			buildActionMask = 2147483647;
			files = (
				DC8CB4B42859189A0016FC5F /* QuartzCore.framework in Frameworks */,
				DC8CB4B8285919030016FC5F /* GameController.framework in Frameworks */,
				DC8CB49E285908150016FC5F /* libWalnut.a in Frameworks */,
				DC8CB49D285907FE0016FC5F /* MetalKit.framework in Frameworks */,
				DC8CB4B6285918FC0016FC5F /* AppKit.framework in Frameworks */,
				DC8CB49C285907FE0016FC5F /* Metal.framework in Frameworks */,
				DC8CB499285907F60016FC5F /* Foundation.framework in Frameworks */,
			);
			runOnlyForDeploymentPostprocessing = 0;
		};
/* End PBXFrameworksBuildPhase section */

/* Begin PBXGroup section */
		DC8CB4622858D80A0016FC5F = {
			isa = PBXGroup;
			children = (
				DC8CB48A2858D8F00016FC5F /* Third-Party */,
				DC8CB4722858D84B0016FC5F /* Walnut */,
				DC8CB4782858D8AA0016FC5F /* WalnutApp */,
				DC8CB46E2858D8310016FC5F /* Products */,
				DC8CB497285907F50016FC5F /* Frameworks */,
			);
			sourceTree = "<group>";
		};
		DC8CB46E2858D8310016FC5F /* Products */ = {
			isa = PBXGroup;
			children = (
				DC8CB46D2858D8310016FC5F /* libWalnut.a */,
				DC8CB4772858D8AA0016FC5F /* WalnutApp.app */,
			);
			name = Products;
			sourceTree = "<group>";
		};
		DC8CB4722858D84B0016FC5F /* Walnut */ = {
			isa = PBXGroup;
			children = (
				DC8CB4922858FA8C0016FC5F /* Application.h */,
				DC8CB4932858FC130016FC5F /* Application.mm */,
				DC8CB4902858F9610016FC5F /* EntryPoint.h */,
				DC8CB4912858FA3C0016FC5F /* Layer.h */,
			);
			path = Walnut;
			sourceTree = "<group>";
		};
		DC8CB4782858D8AA0016FC5F /* WalnutApp */ = {
			isa = PBXGroup;
			children = (
				DC8CB4862858D8B00016FC5F /* WalnutApp.entitlements */,
				DC8CB495285905E60016FC5F /* WalnutApp.cpp */,
			);
			path = WalnutApp;
			sourceTree = "<group>";
		};
		DC8CB48A2858D8F00016FC5F /* Third-Party */ = {
			isa = PBXGroup;
			children = (
				DC8CB4A1285917DF0016FC5F /* imgui */,
			);
			name = "Third-Party";
			sourceTree = "<group>";
		};
		DC8CB497285907F50016FC5F /* Frameworks */ = {
			isa = PBXGroup;
			children = (
				DC8CB4B7285919030016FC5F /* GameController.framework */,
				DC8CB4B5285918FC0016FC5F /* AppKit.framework */,
				DC8CB4B32859189A0016FC5F /* QuartzCore.framework */,
				DC8CB49A285907FE0016FC5F /* Metal.framework */,
				DC8CB49B285907FE0016FC5F /* MetalKit.framework */,
				DC8CB498285907F60016FC5F /* Foundation.framework */,
			);
			name = Frameworks;
			sourceTree = "<group>";
		};
		DC8CB4A1285917DF0016FC5F /* imgui */ = {
			isa = PBXGroup;
			children = (
				DC8CB4AD2859187F0016FC5F /* imgui_demo.cpp */,
				DC8CB4AC2859187F0016FC5F /* imgui_draw.cpp */,
				DC8CB4A5285918160016FC5F /* imgui_impl_metal.h */,
				DC8CB4A6285918160016FC5F /* imgui_impl_metal.mm */,
				DC8CB4A4285918160016FC5F /* imgui_impl_osx.h */,
				DC8CB4A7285918160016FC5F /* imgui_impl_osx.mm */,
				DC8CB4AB2859187F0016FC5F /* imgui_tables.cpp */,
				DC8CB4AE2859187F0016FC5F /* imgui_widgets.cpp */,
				DC8CB4A2285917FE0016FC5F /* imgui.cpp */,
				DC8CB4A3285917FE0016FC5F /* imgui.h */,
			);
			name = imgui;
			sourceTree = "<group>";
		};
/* End PBXGroup section */

/* Begin PBXHeadersBuildPhase section */
		DC8CB4692858D8310016FC5F /* Headers */ = {
			isa = PBXHeadersBuildPhase;
			buildActionMask = 2147483647;
			files = (
			);
			runOnlyForDeploymentPostprocessing = 0;
		};
/* End PBXHeadersBuildPhase section */

/* Begin PBXNativeTarget section */
		DC8CB46C2858D8310016FC5F /* Walnut */ = {
			isa = PBXNativeTarget;
			buildConfigurationList = DC8CB46F2858D8310016FC5F /* Build configuration list for PBXNativeTarget "Walnut" */;
			buildPhases = (
				DC8CB4692858D8310016FC5F /* Headers */,
				DC8CB46A2858D8310016FC5F /* Sources */,
				DC8CB46B2858D8310016FC5F /* Frameworks */,
			);
			buildRules = (
			);
			dependencies = (
			);
			name = Walnut;
			productName = Walnut;
			productReference = DC8CB46D2858D8310016FC5F /* libWalnut.a */;
			productType = "com.apple.product-type.library.static";
		};
		DC8CB4762858D8AA0016FC5F /* WalnutApp */ = {
			isa = PBXNativeTarget;
			buildConfigurationList = DC8CB4872858D8B00016FC5F /* Build configuration list for PBXNativeTarget "WalnutApp" */;
			buildPhases = (
				DC8CB4732858D8AA0016FC5F /* Sources */,
				DC8CB4742858D8AA0016FC5F /* Frameworks */,
				DC8CB4752858D8AA0016FC5F /* Resources */,
			);
			buildRules = (
			);
			dependencies = (
				DC8CB4A0285908150016FC5F /* PBXTargetDependency */,
			);
			name = WalnutApp;
			productName = WalnutApp;
			productReference = DC8CB4772858D8AA0016FC5F /* WalnutApp.app */;
			productType = "com.apple.product-type.application";
		};
/* End PBXNativeTarget section */

/* Begin PBXProject section */
		DC8CB4632858D80A0016FC5F /* Project object */ = {
			isa = PBXProject;
			attributes = {
				BuildIndependentTargetsInParallel = 1;
				LastUpgradeCheck = 1340;
				TargetAttributes = {
					DC8CB46C2858D8310016FC5F = {
						CreatedOnToolsVersion = 13.4.1;
					};
					DC8CB4762858D8AA0016FC5F = {
						CreatedOnToolsVersion = 13.4.1;
					};
				};
			};
			buildConfigurationList = DC8CB4662858D80A0016FC5F /* Build configuration list for PBXProject "Walnut" */;
			compatibilityVersion = "Xcode 13.0";
			developmentRegion = en;
			hasScannedForEncodings = 0;
			knownRegions = (
				en,
				Base,
			);
			mainGroup = DC8CB4622858D80A0016FC5F;
			productRefGroup = DC8CB46E2858D8310016FC5F /* Products */;
			projectDirPath = "";
			projectRoot = "";
			targets = (
				DC8CB46C2858D8310016FC5F /* Walnut */,
				DC8CB4762858D8AA0016FC5F /* WalnutApp */,
			);
		};
/* End PBXProject section */

/* Begin PBXResourcesBuildPhase section */
		DC8CB4752858D8AA0016FC5F /* Resources */ = {
			isa = PBXResourcesBuildPhase;
			buildActionMask = 2147483647;
			files = (
			);
			runOnlyForDeploymentPostprocessing = 0;
		};
/* End PBXResourcesBuildPhase section */

/* Begin PBXSourcesBuildPhase section */
		DC8CB46A2858D8310016FC5F /* Sources */ = {
			isa = PBXSourcesBuildPhase;
			buildActionMask = 2147483647;
			files = (
				DC8CB4942858FC130016FC5F /* Application.mm in Sources */,
				DC8CB4AA285918270016FC5F /* imgui.cpp in Sources */,
				DC8CB4A9285918230016FC5F /* imgui_impl_osx.mm in Sources */,
				DC8CB4B22859187F0016FC5F /* imgui_widgets.cpp in Sources */,
				DC8CB4B02859187F0016FC5F /* imgui_draw.cpp in Sources */,
				DC8CB4A8285918200016FC5F /* imgui_impl_metal.mm in Sources */,
				DC8CB4B12859187F0016FC5F /* imgui_demo.cpp in Sources */,
				DC8CB4AF2859187F0016FC5F /* imgui_tables.cpp in Sources */,
			);
			runOnlyForDeploymentPostprocessing = 0;
		};
		DC8CB4732858D8AA0016FC5F /* Sources */ = {
			isa = PBXSourcesBuildPhase;
			buildActionMask = 2147483647;
			files = (
				DC8CB496285905E60016FC5F /* WalnutApp.cpp in Sources */,
			);
			runOnlyForDeploymentPostprocessing = 0;
		};
/* End PBXSourcesBuildPhase section */

/* Begin PBXTargetDependency section */
		DC8CB4A0285908150016FC5F /* PBXTargetDependency */ = {
			isa = PBXTargetDependency;
			target = DC8CB46C2858D8310016FC5F /* Walnut */;
			targetProxy = DC8CB49F285908150016FC5F /* PBXContainerItemProxy */;
		};
/* End PBXTargetDependency section */

/* Begin XCBuildConfiguration section */
		DC8CB4672858D80A0016FC5F /* Debug */ = {
			isa = XCBuildConfiguration;
			buildSettings = {
			};
			name = Debug;
		};
		DC8CB4682858D80A0016FC5F /* Release */ = {
			isa = XCBuildConfiguration;
			buildSettings = {
			};
			name = Release;
		};
		DC8CB4702858D8310016FC5F /* Debug */ = {
			isa = XCBuildConfiguration;
			buildSettings = {
				ALWAYS_SEARCH_USER_PATHS = NO;
				CLANG_ANALYZER_NONNULL = YES;
				CLANG_ANALYZER_NUMBER_OBJECT_CONVERSION = YES_AGGRESSIVE;
				CLANG_CXX_LANGUAGE_STANDARD = "c++17";
				CLANG_ENABLE_MODULES = YES;
				CLANG_ENABLE_OBJC_ARC = NO;
				CLANG_ENABLE_OBJC_WEAK = YES;
				CLANG_WARN_BLOCK_CAPTURE_AUTORELEASING = YES;
				CLANG_WARN_BOOL_CONVERSION = YES;
				CLANG_WARN_COMMA = YES;
				CLANG_WARN_CONSTANT_CONVERSION = YES;
				CLANG_WARN_DEPRECATED_OBJC_IMPLEMENTATIONS = YES;
				CLANG_WARN_DIRECT_OBJC_ISA_USAGE = YES_ERROR;
				CLANG_WARN_DOCUMENTATION_COMMENTS = YES;
				CLANG_WARN_EMPTY_BODY = YES;
				CLANG_WARN_ENUM_CONVERSION = YES;
				CLANG_WARN_INFINITE_RECURSION = YES;
				CLANG_WARN_INT_CONVERSION = YES;
				CLANG_WARN_NON_LITERAL_NULL_CONVERSION = YES;
				CLANG_WARN_OBJC_IMPLICIT_RETAIN_SELF = YES;
				CLANG_WARN_OBJC_LITERAL_CONVERSION = YES;
				CLANG_WARN_OBJC_ROOT_CLASS = YES_ERROR;
				CLANG_WARN_QUOTED_INCLUDE_IN_FRAMEWORK_HEADER = YES;
				CLANG_WARN_RANGE_LOOP_ANALYSIS = YES;
				CLANG_WARN_STRICT_PROTOTYPES = YES;
				CLANG_WARN_SUSPICIOUS_MOVE = YES;
				CLANG_WARN_UNGUARDED_AVAILABILITY = YES_AGGRESSIVE;
				CLANG_WARN_UNREACHABLE_CODE = YES;
				CLANG_WARN__DUPLICATE_METHOD_MATCH = YES;
				CODE_SIGN_STYLE = Automatic;
				COPY_PHASE_STRIP = NO;
				DEBUG_INFORMATION_FORMAT = dwarf;
				DEVELOPMENT_TEAM = GE3GZ86XX9;
				ENABLE_STRICT_OBJC_MSGSEND = YES;
				ENABLE_TESTABILITY = YES;
				EXECUTABLE_PREFIX = lib;
				GCC_C_LANGUAGE_STANDARD = gnu11;
				GCC_DYNAMIC_NO_PIC = NO;
				GCC_NO_COMMON_BLOCKS = YES;
				GCC_OPTIMIZATION_LEVEL = 0;
				GCC_PREPROCESSOR_DEFINITIONS = (
					"DEBUG=1",
					"$(inherited)",
				);
				GCC_WARN_64_TO_32_BIT_CONVERSION = YES;
				GCC_WARN_ABOUT_RETURN_TYPE = YES_ERROR;
				GCC_WARN_UNDECLARED_SELECTOR = YES;
				GCC_WARN_UNINITIALIZED_AUTOS = YES_AGGRESSIVE;
				GCC_WARN_UNUSED_FUNCTION = YES;
				GCC_WARN_UNUSED_VARIABLE = YES;
				HEADER_SEARCH_PATHS = (
					"$(SRCROOT)/Third-Party/imgui",
					"$(SRCROOT)/Third-Party/metal-cpp",
					"$(SRCROOT)/Third-Party/metal-cpp-extensions",
				);
				MACOSX_DEPLOYMENT_TARGET = 12.3;
				MTL_ENABLE_DEBUG_INFO = INCLUDE_SOURCE;
				MTL_FAST_MATH = YES;
				ONLY_ACTIVE_ARCH = YES;
				PRODUCT_NAME = "$(TARGET_NAME)";
				SDKROOT = macosx;
				SKIP_INSTALL = YES;
			};
			name = Debug;
		};
		DC8CB4712858D8310016FC5F /* Release */ = {
			isa = XCBuildConfiguration;
			buildSettings = {
				ALWAYS_SEARCH_USER_PATHS = NO;
				CLANG_ANALYZER_NONNULL = YES;
				CLANG_ANALYZER_NUMBER_OBJECT_CONVERSION = YES_AGGRESSIVE;
				CLANG_CXX_LANGUAGE_STANDARD = "c++17";
				CLANG_ENABLE_MODULES = YES;
				CLANG_ENABLE_OBJC_ARC = NO;
				CLANG_ENABLE_OBJC_WEAK = YES;
				CLANG_WARN_BLOCK_CAPTURE_AUTORELEASING = YES;
				CLANG_WARN_BOOL_CONVERSION = YES;
				CLANG_WARN_COMMA = YES;
				CLANG_WARN_CONSTANT_CONVERSION = YES;
				CLANG_WARN_DEPRECATED_OBJC_IMPLEMENTATIONS = YES;
				CLANG_WARN_DIRECT_OBJC_ISA_USAGE = YES_ERROR;
				CLANG_WARN_DOCUMENTATION_COMMENTS = YES;
				CLANG_WARN_EMPTY_BODY = YES;
				CLANG_WARN_ENUM_CONVERSION = YES;
				CLANG_WARN_INFINITE_RECURSION = YES;
				CLANG_WARN_INT_CONVERSION = YES;
				CLANG_WARN_NON_LITERAL_NULL_CONVERSION = YES;
				CLANG_WARN_OBJC_IMPLICIT_RETAIN_SELF = YES;
				CLANG_WARN_OBJC_LITERAL_CONVERSION = YES;
				CLANG_WARN_OBJC_ROOT_CLASS = YES_ERROR;
				CLANG_WARN_QUOTED_INCLUDE_IN_FRAMEWORK_HEADER = YES;
				CLANG_WARN_RANGE_LOOP_ANALYSIS = YES;
				CLANG_WARN_STRICT_PROTOTYPES = YES;
				CLANG_WARN_SUSPICIOUS_MOVE = YES;
				CLANG_WARN_UNGUARDED_AVAILABILITY = YES_AGGRESSIVE;
				CLANG_WARN_UNREACHABLE_CODE = YES;
				CLANG_WARN__DUPLICATE_METHOD_MATCH = YES;
				CODE_SIGN_STYLE = Automatic;
				COPY_PHASE_STRIP = NO;
				DEBUG_INFORMATION_FORMAT = "dwarf-with-dsym";
				DEVELOPMENT_TEAM = GE3GZ86XX9;
				ENABLE_NS_ASSERTIONS = NO;
				ENABLE_STRICT_OBJC_MSGSEND = YES;
				EXECUTABLE_PREFIX = lib;
				GCC_C_LANGUAGE_STANDARD = gnu11;
				GCC_NO_COMMON_BLOCKS = YES;
				GCC_WARN_64_TO_32_BIT_CONVERSION = YES;
				GCC_WARN_ABOUT_RETURN_TYPE = YES_ERROR;
				GCC_WARN_UNDECLARED_SELECTOR = YES;
				GCC_WARN_UNINITIALIZED_AUTOS = YES_AGGRESSIVE;
				GCC_WARN_UNUSED_FUNCTION = YES;
				GCC_WARN_UNUSED_VARIABLE = YES;
				HEADER_SEARCH_PATHS = (
					"$(SRCROOT)/Third-Party/imgui",
					"$(SRCROOT)/Third-Party/metal-cpp",
					"$(SRCROOT)/Third-Party/metal-cpp-extensions",
				);
				MACOSX_DEPLOYMENT_TARGET = 12.3;
				MTL_ENABLE_DEBUG_INFO = NO;
				MTL_FAST_MATH = YES;
				PRODUCT_NAME = "$(TARGET_NAME)";
				SDKROOT = macosx;
				SKIP_INSTALL = YES;
			};
			name = Release;
		};
		DC8CB4882858D8B00016FC5F /* Debug */ = {
			isa = XCBuildConfiguration;
			buildSettings = {
				ALWAYS_SEARCH_USER_PATHS = NO;
				ASSETCATALOG_COMPILER_APPICON_NAME = AppIcon;
				ASSETCATALOG_COMPILER_GLOBAL_ACCENT_COLOR_NAME = AccentColor;
				CLANG_ANALYZER_NONNULL = YES;
				CLANG_ANALYZER_NUMBER_OBJECT_CONVERSION = YES_AGGRESSIVE;
				CLANG_CXX_LANGUAGE_STANDARD = "c++17";
				CLANG_ENABLE_MODULES = YES;
				CLANG_ENABLE_OBJC_ARC = YES;
				CLANG_ENABLE_OBJC_WEAK = YES;
				CLANG_WARN_BLOCK_CAPTURE_AUTORELEASING = YES;
				CLANG_WARN_BOOL_CONVERSION = YES;
				CLANG_WARN_COMMA = YES;
				CLANG_WARN_CONSTANT_CONVERSION = YES;
				CLANG_WARN_DEPRECATED_OBJC_IMPLEMENTATIONS = YES;
				CLANG_WARN_DIRECT_OBJC_ISA_USAGE = YES_ERROR;
				CLANG_WARN_DOCUMENTATION_COMMENTS = YES;
				CLANG_WARN_EMPTY_BODY = YES;
				CLANG_WARN_ENUM_CONVERSION = YES;
				CLANG_WARN_INFINITE_RECURSION = YES;
				CLANG_WARN_INT_CONVERSION = YES;
				CLANG_WARN_NON_LITERAL_NULL_CONVERSION = YES;
				CLANG_WARN_OBJC_IMPLICIT_RETAIN_SELF = YES;
				CLANG_WARN_OBJC_LITERAL_CONVERSION = YES;
				CLANG_WARN_OBJC_ROOT_CLASS = YES_ERROR;
				CLANG_WARN_QUOTED_INCLUDE_IN_FRAMEWORK_HEADER = YES;
				CLANG_WARN_RANGE_LOOP_ANALYSIS = YES;
				CLANG_WARN_STRICT_PROTOTYPES = YES;
				CLANG_WARN_SUSPICIOUS_MOVE = YES;
				CLANG_WARN_UNGUARDED_AVAILABILITY = YES_AGGRESSIVE;
				CLANG_WARN_UNREACHABLE_CODE = YES;
				CLANG_WARN__DUPLICATE_METHOD_MATCH = YES;
				CODE_SIGN_ENTITLEMENTS = WalnutApp/WalnutApp.entitlements;
				CODE_SIGN_STYLE = Automatic;
				COMBINE_HIDPI_IMAGES = YES;
				COPY_PHASE_STRIP = NO;
				CURRENT_PROJECT_VERSION = 1;
				DEBUG_INFORMATION_FORMAT = dwarf;
				DEVELOPMENT_TEAM = GE3GZ86XX9;
				ENABLE_HARDENED_RUNTIME = YES;
				ENABLE_STRICT_OBJC_MSGSEND = YES;
				ENABLE_TESTABILITY = YES;
				GCC_C_LANGUAGE_STANDARD = gnu11;
				GCC_DYNAMIC_NO_PIC = NO;
				GCC_NO_COMMON_BLOCKS = YES;
				GCC_OPTIMIZATION_LEVEL = 0;
				GCC_PREPROCESSOR_DEFINITIONS = (
					"DEBUG=1",
					"$(inherited)",
				);
				GCC_WARN_64_TO_32_BIT_CONVERSION = YES;
				GCC_WARN_ABOUT_RETURN_TYPE = YES_ERROR;
				GCC_WARN_UNDECLARED_SELECTOR = YES;
				GCC_WARN_UNINITIALIZED_AUTOS = YES_AGGRESSIVE;
				GCC_WARN_UNUSED_FUNCTION = YES;
				GCC_WARN_UNUSED_VARIABLE = YES;
				GENERATE_INFOPLIST_FILE = YES;
				HEADER_SEARCH_PATHS = (
					"$(SRCROOT)",
					"$(SRCROOT)/Third-Party/imgui",
					"$(SRCROOT)/Third-Party/metal-cpp",
					"$(SRCROOT)/Third-Party/metal-cpp-extensions",
				);
				INFOPLIST_KEY_NSHumanReadableCopyright = "";
				INFOPLIST_KEY_NSMainStoryboardFile = Main;
				INFOPLIST_KEY_NSPrincipalClass = NSApplication;
				LD_RUNPATH_SEARCH_PATHS = (
					"$(inherited)",
					"@executable_path/../Frameworks",
				);
				MACOSX_DEPLOYMENT_TARGET = 12.3;
				MARKETING_VERSION = 1.0;
				MTL_ENABLE_DEBUG_INFO = INCLUDE_SOURCE;
				MTL_FAST_MATH = YES;
				ONLY_ACTIVE_ARCH = YES;
				PRODUCT_BUNDLE_IDENTIFIER = us.gerstacker.WalnutApp;
				PRODUCT_NAME = "$(TARGET_NAME)";
				SDKROOT = macosx;
				SWIFT_EMIT_LOC_STRINGS = YES;
			};
			name = Debug;
		};
		DC8CB4892858D8B00016FC5F /* Release */ = {
			isa = XCBuildConfiguration;
			buildSettings = {
				ALWAYS_SEARCH_USER_PATHS = NO;
				ASSETCATALOG_COMPILER_APPICON_NAME = AppIcon;
				ASSETCATALOG_COMPILER_GLOBAL_ACCENT_COLOR_NAME = AccentColor;
				CLANG_ANALYZER_NONNULL = YES;
				CLANG_ANALYZER_NUMBER_OBJECT_CONVERSION = YES_AGGRESSIVE;
				CLANG_CXX_LANGUAGE_STANDARD = "c++17";
				CLANG_ENABLE_MODULES = YES;
				CLANG_ENABLE_OBJC_ARC = YES;
				CLANG_ENABLE_OBJC_WEAK = YES;
				CLANG_WARN_BLOCK_CAPTURE_AUTORELEASING = YES;
				CLANG_WARN_BOOL_CONVERSION = YES;
				CLANG_WARN_COMMA = YES;
				CLANG_WARN_CONSTANT_CONVERSION = YES;
				CLANG_WARN_DEPRECATED_OBJC_IMPLEMENTATIONS = YES;
				CLANG_WARN_DIRECT_OBJC_ISA_USAGE = YES_ERROR;
				CLANG_WARN_DOCUMENTATION_COMMENTS = YES;
				CLANG_WARN_EMPTY_BODY = YES;
				CLANG_WARN_ENUM_CONVERSION = YES;
				CLANG_WARN_INFINITE_RECURSION = YES;
				CLANG_WARN_INT_CONVERSION = YES;
				CLANG_WARN_NON_LITERAL_NULL_CONVERSION = YES;
				CLANG_WARN_OBJC_IMPLICIT_RETAIN_SELF = YES;
				CLANG_WARN_OBJC_LITERAL_CONVERSION = YES;
				CLANG_WARN_OBJC_ROOT_CLASS = YES_ERROR;
				CLANG_WARN_QUOTED_INCLUDE_IN_FRAMEWORK_HEADER = YES;
				CLANG_WARN_RANGE_LOOP_ANALYSIS = YES;
				CLANG_WARN_STRICT_PROTOTYPES = YES;
				CLANG_WARN_SUSPICIOUS_MOVE = YES;
				CLANG_WARN_UNGUARDED_AVAILABILITY = YES_AGGRESSIVE;
				CLANG_WARN_UNREACHABLE_CODE = YES;
				CLANG_WARN__DUPLICATE_METHOD_MATCH = YES;
				CODE_SIGN_ENTITLEMENTS = WalnutApp/WalnutApp.entitlements;
				CODE_SIGN_STYLE = Automatic;
				COMBINE_HIDPI_IMAGES = YES;
				COPY_PHASE_STRIP = NO;
				CURRENT_PROJECT_VERSION = 1;
				DEBUG_INFORMATION_FORMAT = "dwarf-with-dsym";
				DEVELOPMENT_TEAM = GE3GZ86XX9;
				ENABLE_HARDENED_RUNTIME = YES;
				ENABLE_NS_ASSERTIONS = NO;
				ENABLE_STRICT_OBJC_MSGSEND = YES;
				GCC_C_LANGUAGE_STANDARD = gnu11;
				GCC_NO_COMMON_BLOCKS = YES;
				GCC_WARN_64_TO_32_BIT_CONVERSION = YES;
				GCC_WARN_ABOUT_RETURN_TYPE = YES_ERROR;
				GCC_WARN_UNDECLARED_SELECTOR = YES;
				GCC_WARN_UNINITIALIZED_AUTOS = YES_AGGRESSIVE;
				GCC_WARN_UNUSED_FUNCTION = YES;
				GCC_WARN_UNUSED_VARIABLE = YES;
				GENERATE_INFOPLIST_FILE = YES;
				HEADER_SEARCH_PATHS = (
					"$(SRCROOT)",
					"$(SRCROOT)/Third-Party/imgui",
					"$(SRCROOT)/Third-Party/metal-cpp",
					"$(SRCROOT)/Third-Party/metal-cpp-extensions",
				);
				INFOPLIST_KEY_NSHumanReadableCopyright = "";
				INFOPLIST_KEY_NSMainStoryboardFile = Main;
				INFOPLIST_KEY_NSPrincipalClass = NSApplication;
				LD_RUNPATH_SEARCH_PATHS = (
					"$(inherited)",
					"@executable_path/../Frameworks",
				);
				MACOSX_DEPLOYMENT_TARGET = 12.3;
				MARKETING_VERSION = 1.0;
				MTL_ENABLE_DEBUG_INFO = NO;
				MTL_FAST_MATH = YES;
				PRODUCT_BUNDLE_IDENTIFIER = us.gerstacker.WalnutApp;
				PRODUCT_NAME = "$(TARGET_NAME)";
				SDKROOT = macosx;
				SWIFT_EMIT_LOC_STRINGS = YES;
			};
			name = Release;
		};
/* End XCBuildConfiguration section */

/* Begin XCConfigurationList section */
		DC8CB4662858D80A0016FC5F /* Build configuration list for PBXProject "Walnut" */ = {
			isa = XCConfigurationList;
			buildConfigurations = (
				DC8CB4672858D80A0016FC5F /* Debug */,
				DC8CB4682858D80A0016FC5F /* Release */,
			);
			defaultConfigurationIsVisible = 0;
			defaultConfigurationName = Release;
		};
		DC8CB46F2858D8310016FC5F /* Build configuration list for PBXNativeTarget "Walnut" */ = {
			isa = XCConfigurationList;
			buildConfigurations = (
				DC8CB4702858D8310016FC5F /* Debug */,
				DC8CB4712858D8310016FC5F /* Release */,
			);
			defaultConfigurationIsVisible = 0;
			defaultConfigurationName = Release;
		};
		DC8CB4872858D8B00016FC5F /* Build configuration list for PBXNativeTarget "WalnutApp" */ = {
			isa = XCConfigurationList;
			buildConfigurations = (
				DC8CB4882858D8B00016FC5F /* Debug */,
				DC8CB4892858D8B00016FC5F /* Release */,
			);
			defaultConfigurationIsVisible = 0;
			defaultConfigurationName = Release;
		};
/* End XCConfigurationList section */
	};
	rootObject = DC8CB4632858D80A0016FC5F /* Project object */;
}
